// !$*UTF8*$!
{
	archiveVersion = 1;
	classes = {
	};
	objectVersion = 56;
	objects = {

/* Begin PBXBuildFile section */
		786DCB1129F81C9200228885 /* AppDelegate.swift in Sources */ = {isa = PBXBuildFile; fileRef = 786DCB1029F81C9200228885 /* AppDelegate.swift */; };
		786DCB1329F81C9200228885 /* SceneDelegate.swift in Sources */ = {isa = PBXBuildFile; fileRef = 786DCB1229F81C9200228885 /* SceneDelegate.swift */; };
		786DCB1529F81C9200228885 /* BaseViewController.swift in Sources */ = {isa = PBXBuildFile; fileRef = 786DCB1429F81C9200228885 /* BaseViewController.swift */; };
		786DCB1A29F81C9300228885 /* Assets.xcassets in Resources */ = {isa = PBXBuildFile; fileRef = 786DCB1929F81C9300228885 /* Assets.xcassets */; };
		786DCB1D29F81C9300228885 /* LaunchScreen.storyboard in Resources */ = {isa = PBXBuildFile; fileRef = 786DCB1B29F81C9300228885 /* LaunchScreen.storyboard */; };
		78EC4ADF2A00056A002645B3 /* HexColor.swift in Sources */ = {isa = PBXBuildFile; fileRef = 78EC4ADE2A00056A002645B3 /* HexColor.swift */; };
		D02568072A1BB5D200238978 /* MainViewController.swift in Sources */ = {isa = PBXBuildFile; fileRef = D02568062A1BB5D200238978 /* MainViewController.swift */; };
		D04776222A3645A900FA33CC /* setImage.swift in Sources */ = {isa = PBXBuildFile; fileRef = D04776212A3645A900FA33CC /* setImage.swift */; };
/* End PBXBuildFile section */

/* Begin PBXFileReference section */
		786DCB0D29F81C9200228885 /* Idea-Archive.app */ = {isa = PBXFileReference; explicitFileType = wrapper.application; includeInIndex = 0; path = "Idea-Archive.app"; sourceTree = BUILT_PRODUCTS_DIR; };
		786DCB1029F81C9200228885 /* AppDelegate.swift */ = {isa = PBXFileReference; lastKnownFileType = sourcecode.swift; path = AppDelegate.swift; sourceTree = "<group>"; };
		786DCB1229F81C9200228885 /* SceneDelegate.swift */ = {isa = PBXFileReference; lastKnownFileType = sourcecode.swift; path = SceneDelegate.swift; sourceTree = "<group>"; };
		786DCB1429F81C9200228885 /* BaseViewController.swift */ = {isa = PBXFileReference; lastKnownFileType = sourcecode.swift; path = BaseViewController.swift; sourceTree = "<group>"; };
		786DCB1929F81C9300228885 /* Assets.xcassets */ = {isa = PBXFileReference; lastKnownFileType = folder.assetcatalog; path = Assets.xcassets; sourceTree = "<group>"; };
		786DCB1C29F81C9300228885 /* Base */ = {isa = PBXFileReference; lastKnownFileType = file.storyboard; name = Base; path = Base.lproj/LaunchScreen.storyboard; sourceTree = "<group>"; };
		786DCB1E29F81C9300228885 /* Info.plist */ = {isa = PBXFileReference; lastKnownFileType = text.plist.xml; path = Info.plist; sourceTree = "<group>"; };
		78EC4ADE2A00056A002645B3 /* HexColor.swift */ = {isa = PBXFileReference; lastKnownFileType = sourcecode.swift; path = HexColor.swift; sourceTree = "<group>"; };
		D02568062A1BB5D200238978 /* MainViewController.swift */ = {isa = PBXFileReference; lastKnownFileType = sourcecode.swift; path = MainViewController.swift; sourceTree = "<group>"; };
		D04776212A3645A900FA33CC /* setImage.swift */ = {isa = PBXFileReference; lastKnownFileType = sourcecode.swift; path = setImage.swift; sourceTree = "<group>"; };
/* End PBXFileReference section */

/* Begin PBXFrameworksBuildPhase section */
		786DCB0A29F81C9200228885 /* Frameworks */ = {
			isa = PBXFrameworksBuildPhase;
			buildActionMask = 2147483647;
			files = (
			);
			runOnlyForDeploymentPostprocessing = 0;
		};
/* End PBXFrameworksBuildPhase section */

/* Begin PBXGroup section */
		786DCB0429F81C9200228885 = {
			isa = PBXGroup;
			children = (
				786DCB0F29F81C9200228885 /* Idea-Archive */,
				786DCB0E29F81C9200228885 /* Products */,
			);
			sourceTree = "<group>";
		};
		786DCB0E29F81C9200228885 /* Products */ = {
			isa = PBXGroup;
			children = (
				786DCB0D29F81C9200228885 /* Idea-Archive.app */,
			);
			name = Products;
			sourceTree = "<group>";
		};
		786DCB0F29F81C9200228885 /* Idea-Archive */ = {
			isa = PBXGroup;
			children = (
				786DCB2429F81E2100228885 /* Support */,
				786DCB2529F81E2A00228885 /* Sources */,
				786DCB2629F81E3200228885 /* Resources */,
			);
			path = "Idea-Archive";
			sourceTree = "<group>";
		};
		786DCB2429F81E2100228885 /* Support */ = {
			isa = PBXGroup;
			children = (
				786DCB1E29F81C9300228885 /* Info.plist */,
			);
			path = Support;
			sourceTree = "<group>";
		};
		786DCB2529F81E2A00228885 /* Sources */ = {
			isa = PBXGroup;
			children = (
				786DCB2729F81E5C00228885 /* Application */,
				786DCB2829F81E6D00228885 /* Presentation */,
				786DCB2929F81E8100228885 /* DesignSystem */,
				786DCB2A29F81E9200228885 /* Utility */,
			);
			path = Sources;
			sourceTree = "<group>";
		};
		786DCB2629F81E3200228885 /* Resources */ = {
			isa = PBXGroup;
			children = (
				786DCB2B29F81EC800228885 /* Assets */,
				786DCB2D29F81EF700228885 /* Fonts */,
				786DCB2C29F81ED600228885 /* Launch */,
			);
			path = Resources;
			sourceTree = "<group>";
		};
		786DCB2729F81E5C00228885 /* Application */ = {
			isa = PBXGroup;
			children = (
				786DCB1029F81C9200228885 /* AppDelegate.swift */,
				786DCB1229F81C9200228885 /* SceneDelegate.swift */,
			);
			path = Application;
			sourceTree = "<group>";
		};
		786DCB2829F81E6D00228885 /* Presentation */ = {
			isa = PBXGroup;
			children = (
				D02568052A1BB5C200238978 /* Main */,
			);
			path = Presentation;
			sourceTree = "<group>";
		};
		786DCB2929F81E8100228885 /* DesignSystem */ = {
			isa = PBXGroup;
			children = (
			);
			path = DesignSystem;
			sourceTree = "<group>";
		};
		786DCB2A29F81E9200228885 /* Utility */ = {
			isa = PBXGroup;
			children = (
				D04776202A36458800FA33CC /* UIButton */,
				786DCB2E29F81F1F00228885 /* Base */,
				78EC4ADD2A00055C002645B3 /* UIColor */,
			);
			path = Utility;
			sourceTree = "<group>";
		};
		786DCB2B29F81EC800228885 /* Assets */ = {
			isa = PBXGroup;
			children = (
				786DCB1929F81C9300228885 /* Assets.xcassets */,
			);
			path = Assets;
			sourceTree = "<group>";
		};
		786DCB2C29F81ED600228885 /* Launch */ = {
			isa = PBXGroup;
			children = (
				786DCB1B29F81C9300228885 /* LaunchScreen.storyboard */,
			);
			path = Launch;
			sourceTree = "<group>";
		};
		786DCB2D29F81EF700228885 /* Fonts */ = {
			isa = PBXGroup;
			children = (
			);
			path = Fonts;
			sourceTree = "<group>";
		};
		786DCB2E29F81F1F00228885 /* Base */ = {
			isa = PBXGroup;
			children = (
				786DCB1429F81C9200228885 /* BaseViewController.swift */,
			);
			path = Base;
			sourceTree = "<group>";
		};
		78EC4ADD2A00055C002645B3 /* UIColor */ = {
			isa = PBXGroup;
			children = (
				78EC4ADE2A00056A002645B3 /* HexColor.swift */,
			);
			path = UIColor;
			sourceTree = "<group>";
		};
		D02568052A1BB5C200238978 /* Main */ = {
			isa = PBXGroup;
			children = (
				D02568062A1BB5D200238978 /* MainViewController.swift */,
			);
			path = Main;
			sourceTree = "<group>";
		};
		D04776202A36458800FA33CC /* UIButton */ = {
			isa = PBXGroup;
			children = (
				D04776212A3645A900FA33CC /* setImage.swift */,
			);
			path = UIButton;
			sourceTree = "<group>";
		};
/* End PBXGroup section */

/* Begin PBXNativeTarget section */
		786DCB0C29F81C9200228885 /* Idea-Archive */ = {
			isa = PBXNativeTarget;
			buildConfigurationList = 786DCB2129F81C9300228885 /* Build configuration list for PBXNativeTarget "Idea-Archive" */;
			buildPhases = (
				786DCB0929F81C9200228885 /* Sources */,
				786DCB0A29F81C9200228885 /* Frameworks */,
				786DCB0B29F81C9200228885 /* Resources */,
			);
			buildRules = (
			);
			dependencies = (
			);
			name = "Idea-Archive";
			productName = "Idea-Archive";
			productReference = 786DCB0D29F81C9200228885 /* Idea-Archive.app */;
			productType = "com.apple.product-type.application";
		};
/* End PBXNativeTarget section */

/* Begin PBXProject section */
		786DCB0529F81C9200228885 /* Project object */ = {
			isa = PBXProject;
			attributes = {
				BuildIndependentTargetsInParallel = 1;
				LastSwiftUpdateCheck = 1400;
				LastUpgradeCheck = 1400;
				TargetAttributes = {
					786DCB0C29F81C9200228885 = {
						CreatedOnToolsVersion = 14.0;
					};
				};
			};
			buildConfigurationList = 786DCB0829F81C9200228885 /* Build configuration list for PBXProject "Idea-Archive" */;
			compatibilityVersion = "Xcode 14.0";
			developmentRegion = en;
			hasScannedForEncodings = 0;
			knownRegions = (
				en,
				Base,
			);
			mainGroup = 786DCB0429F81C9200228885;
			productRefGroup = 786DCB0E29F81C9200228885 /* Products */;
			projectDirPath = "";
			projectRoot = "";
			targets = (
				786DCB0C29F81C9200228885 /* Idea-Archive */,
			);
		};
/* End PBXProject section */

/* Begin PBXResourcesBuildPhase section */
		786DCB0B29F81C9200228885 /* Resources */ = {
			isa = PBXResourcesBuildPhase;
			buildActionMask = 2147483647;
			files = (
				786DCB1D29F81C9300228885 /* LaunchScreen.storyboard in Resources */,
				786DCB1A29F81C9300228885 /* Assets.xcassets in Resources */,
			);
			runOnlyForDeploymentPostprocessing = 0;
		};
/* End PBXResourcesBuildPhase section */

/* Begin PBXSourcesBuildPhase section */
		786DCB0929F81C9200228885 /* Sources */ = {
			isa = PBXSourcesBuildPhase;
			buildActionMask = 2147483647;
			files = (
				D04776222A3645A900FA33CC /* setImage.swift in Sources */,
				786DCB1529F81C9200228885 /* BaseViewController.swift in Sources */,
				78EC4ADF2A00056A002645B3 /* HexColor.swift in Sources */,
				786DCB1129F81C9200228885 /* AppDelegate.swift in Sources */,
				786DCB1329F81C9200228885 /* SceneDelegate.swift in Sources */,
				D02568072A1BB5D200238978 /* MainViewController.swift in Sources */,
			);
			runOnlyForDeploymentPostprocessing = 0;
		};
/* End PBXSourcesBuildPhase section */

/* Begin PBXVariantGroup section */
		786DCB1B29F81C9300228885 /* LaunchScreen.storyboard */ = {
			isa = PBXVariantGroup;
			children = (
				786DCB1C29F81C9300228885 /* Base */,
			);
			name = LaunchScreen.storyboard;
			sourceTree = "<group>";
		};
/* End PBXVariantGroup section */

/* Begin XCBuildConfiguration section */
		786DCB1F29F81C9300228885 /* Debug */ = {
			isa = XCBuildConfiguration;
			buildSettings = {
				ALWAYS_SEARCH_USER_PATHS = NO;
				CLANG_ANALYZER_NONNULL = YES;
				CLANG_ANALYZER_NUMBER_OBJECT_CONVERSION = YES_AGGRESSIVE;
				CLANG_CXX_LANGUAGE_STANDARD = "gnu++20";
				CLANG_ENABLE_MODULES = YES;
				CLANG_ENABLE_OBJC_ARC = YES;
				CLANG_ENABLE_OBJC_WEAK = YES;
				CLANG_WARN_BLOCK_CAPTURE_AUTORELEASING = YES;
				CLANG_WARN_BOOL_CONVERSION = YES;
				CLANG_WARN_COMMA = YES;
				CLANG_WARN_CONSTANT_CONVERSION = YES;
				CLANG_WARN_DEPRECATED_OBJC_IMPLEMENTATIONS = YES;
				CLANG_WARN_DIRECT_OBJC_ISA_USAGE = YES_ERROR;
				CLANG_WARN_DOCUMENTATION_COMMENTS = YES;
				CLANG_WARN_EMPTY_BODY = YES;
				CLANG_WARN_ENUM_CONVERSION = YES;
				CLANG_WARN_INFINITE_RECURSION = YES;
				CLANG_WARN_INT_CONVERSION = YES;
				CLANG_WARN_NON_LITERAL_NULL_CONVERSION = YES;
				CLANG_WARN_OBJC_IMPLICIT_RETAIN_SELF = YES;
				CLANG_WARN_OBJC_LITERAL_CONVERSION = YES;
				CLANG_WARN_OBJC_ROOT_CLASS = YES_ERROR;
				CLANG_WARN_QUOTED_INCLUDE_IN_FRAMEWORK_HEADER = YES;
				CLANG_WARN_RANGE_LOOP_ANALYSIS = YES;
				CLANG_WARN_STRICT_PROTOTYPES = YES;
				CLANG_WARN_SUSPICIOUS_MOVE = YES;
				CLANG_WARN_UNGUARDED_AVAILABILITY = YES_AGGRESSIVE;
				CLANG_WARN_UNREACHABLE_CODE = YES;
				CLANG_WARN__DUPLICATE_METHOD_MATCH = YES;
				COPY_PHASE_STRIP = NO;
				DEBUG_INFORMATION_FORMAT = dwarf;
				ENABLE_STRICT_OBJC_MSGSEND = YES;
				ENABLE_TESTABILITY = YES;
				GCC_C_LANGUAGE_STANDARD = gnu11;
				GCC_DYNAMIC_NO_PIC = NO;
				GCC_NO_COMMON_BLOCKS = YES;
				GCC_OPTIMIZATION_LEVEL = 0;
				GCC_PREPROCESSOR_DEFINITIONS = (
					"DEBUG=1",
					"$(inherited)",
				);
				GCC_WARN_64_TO_32_BIT_CONVERSION = YES;
				GCC_WARN_ABOUT_RETURN_TYPE = YES_ERROR;
				GCC_WARN_UNDECLARED_SELECTOR = YES;
				GCC_WARN_UNINITIALIZED_AUTOS = YES_AGGRESSIVE;
				GCC_WARN_UNUSED_FUNCTION = YES;
				GCC_WARN_UNUSED_VARIABLE = YES;
				IPHONEOS_DEPLOYMENT_TARGET = 16.0;
				MTL_ENABLE_DEBUG_INFO = INCLUDE_SOURCE;
				MTL_FAST_MATH = YES;
				ONLY_ACTIVE_ARCH = YES;
				SDKROOT = iphoneos;
				SWIFT_ACTIVE_COMPILATION_CONDITIONS = DEBUG;
				SWIFT_OPTIMIZATION_LEVEL = "-Onone";
			};
			name = Debug;
		};
		786DCB2029F81C9300228885 /* Release */ = {
			isa = XCBuildConfiguration;
			buildSettings = {
				ALWAYS_SEARCH_USER_PATHS = NO;
				CLANG_ANALYZER_NONNULL = YES;
				CLANG_ANALYZER_NUMBER_OBJECT_CONVERSION = YES_AGGRESSIVE;
				CLANG_CXX_LANGUAGE_STANDARD = "gnu++20";
				CLANG_ENABLE_MODULES = YES;
				CLANG_ENABLE_OBJC_ARC = YES;
				CLANG_ENABLE_OBJC_WEAK = YES;
				CLANG_WARN_BLOCK_CAPTURE_AUTORELEASING = YES;
				CLANG_WARN_BOOL_CONVERSION = YES;
				CLANG_WARN_COMMA = YES;
				CLANG_WARN_CONSTANT_CONVERSION = YES;
				CLANG_WARN_DEPRECATED_OBJC_IMPLEMENTATIONS = YES;
				CLANG_WARN_DIRECT_OBJC_ISA_USAGE = YES_ERROR;
				CLANG_WARN_DOCUMENTATION_COMMENTS = YES;
				CLANG_WARN_EMPTY_BODY = YES;
				CLANG_WARN_ENUM_CONVERSION = YES;
				CLANG_WARN_INFINITE_RECURSION = YES;
				CLANG_WARN_INT_CONVERSION = YES;
				CLANG_WARN_NON_LITERAL_NULL_CONVERSION = YES;
				CLANG_WARN_OBJC_IMPLICIT_RETAIN_SELF = YES;
				CLANG_WARN_OBJC_LITERAL_CONVERSION = YES;
				CLANG_WARN_OBJC_ROOT_CLASS = YES_ERROR;
				CLANG_WARN_QUOTED_INCLUDE_IN_FRAMEWORK_HEADER = YES;
				CLANG_WARN_RANGE_LOOP_ANALYSIS = YES;
				CLANG_WARN_STRICT_PROTOTYPES = YES;
				CLANG_WARN_SUSPICIOUS_MOVE = YES;
				CLANG_WARN_UNGUARDED_AVAILABILITY = YES_AGGRESSIVE;
				CLANG_WARN_UNREACHABLE_CODE = YES;
				CLANG_WARN__DUPLICATE_METHOD_MATCH = YES;
				COPY_PHASE_STRIP = NO;
				DEBUG_INFORMATION_FORMAT = "dwarf-with-dsym";
				ENABLE_NS_ASSERTIONS = NO;
				ENABLE_STRICT_OBJC_MSGSEND = YES;
				GCC_C_LANGUAGE_STANDARD = gnu11;
				GCC_NO_COMMON_BLOCKS = YES;
				GCC_WARN_64_TO_32_BIT_CONVERSION = YES;
				GCC_WARN_ABOUT_RETURN_TYPE = YES_ERROR;
				GCC_WARN_UNDECLARED_SELECTOR = YES;
				GCC_WARN_UNINITIALIZED_AUTOS = YES_AGGRESSIVE;
				GCC_WARN_UNUSED_FUNCTION = YES;
				GCC_WARN_UNUSED_VARIABLE = YES;
				IPHONEOS_DEPLOYMENT_TARGET = 16.0;
				MTL_ENABLE_DEBUG_INFO = NO;
				MTL_FAST_MATH = YES;
				SDKROOT = iphoneos;
				SWIFT_COMPILATION_MODE = wholemodule;
				SWIFT_OPTIMIZATION_LEVEL = "-O";
				VALIDATE_PRODUCT = YES;
			};
			name = Release;
		};
		786DCB2229F81C9300228885 /* Debug */ = {
			isa = XCBuildConfiguration;
			buildSettings = {
				ASSETCATALOG_COMPILER_APPICON_NAME = AppIcon;
				ASSETCATALOG_COMPILER_GLOBAL_ACCENT_COLOR_NAME = AccentColor;
				CODE_SIGN_STYLE = Automatic;
				CURRENT_PROJECT_VERSION = 1;
				DEVELOPMENT_TEAM = 5T78F59TU2;
				GENERATE_INFOPLIST_FILE = YES;
				INFOPLIST_FILE = "Idea-Archive/Support/Info.plist";
				INFOPLIST_KEY_UIApplicationSupportsIndirectInputEvents = YES;
				INFOPLIST_KEY_UILaunchStoryboardName = LaunchScreen;
				INFOPLIST_KEY_UISupportedInterfaceOrientations_iPad = "UIInterfaceOrientationPortrait UIInterfaceOrientationPortraitUpsideDown UIInterfaceOrientationLandscapeLeft UIInterfaceOrientationLandscapeRight";
				INFOPLIST_KEY_UISupportedInterfaceOrientations_iPhone = "UIInterfaceOrientationPortrait UIInterfaceOrientationLandscapeLeft UIInterfaceOrientationLandscapeRight";
				LD_RUNPATH_SEARCH_PATHS = (
					"$(inherited)",
					"@executable_path/Frameworks",
				);
				MARKETING_VERSION = 1.0;
				PRODUCT_BUNDLE_IDENTIFIER = "class.Idea-Archive";
				PRODUCT_NAME = "$(TARGET_NAME)";
				SWIFT_EMIT_LOC_STRINGS = YES;
				SWIFT_VERSION = 5.0;
				TARGETED_DEVICE_FAMILY = "1,2";
			};
			name = Debug;
		};
		786DCB2329F81C9300228885 /* Release */ = {
			isa = XCBuildConfiguration;
			buildSettings = {
				ASSETCATALOG_COMPILER_APPICON_NAME = AppIcon;
				ASSETCATALOG_COMPILER_GLOBAL_ACCENT_COLOR_NAME = AccentColor;
				CODE_SIGN_STYLE = Automatic;
				CURRENT_PROJECT_VERSION = 1;
				DEVELOPMENT_TEAM = 5T78F59TU2;
				GENERATE_INFOPLIST_FILE = YES;
				INFOPLIST_FILE = "Idea-Archive/Support/Info.plist";
				INFOPLIST_KEY_UIApplicationSupportsIndirectInputEvents = YES;
				INFOPLIST_KEY_UILaunchStoryboardName = LaunchScreen;
				INFOPLIST_KEY_UISupportedInterfaceOrientations_iPad = "UIInterfaceOrientationPortrait UIInterfaceOrientationPortraitUpsideDown UIInterfaceOrientationLandscapeLeft UIInterfaceOrientationLandscapeRight";
				INFOPLIST_KEY_UISupportedInterfaceOrientations_iPhone = "UIInterfaceOrientationPortrait UIInterfaceOrientationLandscapeLeft UIInterfaceOrientationLandscapeRight";
				LD_RUNPATH_SEARCH_PATHS = (
					"$(inherited)",
					"@executable_path/Frameworks",
				);
				MARKETING_VERSION = 1.0;
				PRODUCT_BUNDLE_IDENTIFIER = "class.Idea-Archive";
				PRODUCT_NAME = "$(TARGET_NAME)";
				SWIFT_EMIT_LOC_STRINGS = YES;
				SWIFT_VERSION = 5.0;
				TARGETED_DEVICE_FAMILY = "1,2";
			};
			name = Release;
		};
/* End XCBuildConfiguration section */

/* Begin XCConfigurationList section */
		786DCB0829F81C9200228885 /* Build configuration list for PBXProject "Idea-Archive" */ = {
			isa = XCConfigurationList;
			buildConfigurations = (
				786DCB1F29F81C9300228885 /* Debug */,
				786DCB2029F81C9300228885 /* Release */,
			);
			defaultConfigurationIsVisible = 0;
			defaultConfigurationName = Release;
		};
		786DCB2129F81C9300228885 /* Build configuration list for PBXNativeTarget "Idea-Archive" */ = {
			isa = XCConfigurationList;
			buildConfigurations = (
				786DCB2229F81C9300228885 /* Debug */,
				786DCB2329F81C9300228885 /* Release */,
			);
			defaultConfigurationIsVisible = 0;
			defaultConfigurationName = Release;
		};
/* End XCConfigurationList section */
	};
	rootObject = 786DCB0529F81C9200228885 /* Project object */;
}
