// !$*UTF8*$!
{
	archiveVersion = 1;
	classes = {
	};
	objectVersion = 56;
	objects = {

/* Begin PBXBuildFile section */
		78015C4B2A30CAEA00737055 /* AEOTPTextField in Frameworks */ = {isa = PBXBuildFile; productRef = 78015C4A2A30CAEA00737055 /* AEOTPTextField */; };
		78015C4D2A31BE6C00737055 /* CertificationNumberViewController.swift in Sources */ = {isa = PBXBuildFile; fileRef = 78015C4C2A31BE6C00737055 /* CertificationNumberViewController.swift */; };
		78015C4F2A31CB7200737055 /* OTPTextField.swift in Sources */ = {isa = PBXBuildFile; fileRef = 78015C4E2A31CB7200737055 /* OTPTextField.swift */; };
		781BD27E2A7732DC00118B99 /* Moya in Frameworks */ = {isa = PBXBuildFile; productRef = 781BD27D2A7732DC00118B99 /* Moya */; };
		781BD2812A7739C300118B99 /* AuthServices.swift in Sources */ = {isa = PBXBuildFile; fileRef = 781BD2802A7739C300118B99 /* AuthServices.swift */; };
		781BD2842A773C8600118B99 /* AuthRequest.swift in Sources */ = {isa = PBXBuildFile; fileRef = 781BD2832A773C8600118B99 /* AuthRequest.swift */; };
		781BD2872A77406200118B99 /* Auth.swift in Sources */ = {isa = PBXBuildFile; fileRef = 781BD2862A77406200118B99 /* Auth.swift */; };
		781BD2892A774F4B00118B99 /* URLInfo.plist in Resources */ = {isa = PBXBuildFile; fileRef = 781BD2882A774F4B00118B99 /* URLInfo.plist */; };
		781BD28D2A7750D200118B99 /* Idea-Archive++Bundle.swift in Sources */ = {isa = PBXBuildFile; fileRef = 781BD28C2A7750D200118B99 /* Idea-Archive++Bundle.swift */; };
		785BBEF22A25AB8800186DDA /* SnapKit in Frameworks */ = {isa = PBXBuildFile; productRef = 785BBEF12A25AB8800186DDA /* SnapKit */; };
		785BBEF52A25AB9600186DDA /* Then in Frameworks */ = {isa = PBXBuildFile; productRef = 785BBEF42A25AB9600186DDA /* Then */; };
		785BBEF82A25ABC200186DDA /* LoginViewController.swift in Sources */ = {isa = PBXBuildFile; fileRef = 785BBEF72A25ABC200186DDA /* LoginViewController.swift */; };
		785BBEFB2A25ABFF00186DDA /* Color.swift in Sources */ = {isa = PBXBuildFile; fileRef = 785BBEFA2A25ABFF00186DDA /* Color.swift */; };
		785BBEFE2A25AC3C00186DDA /* TitleLabel.swift in Sources */ = {isa = PBXBuildFile; fileRef = 785BBEFD2A25AC3C00186DDA /* TitleLabel.swift */; };
		785BBF002A25AC4F00186DDA /* SmallTitleLabel.swift in Sources */ = {isa = PBXBuildFile; fileRef = 785BBEFF2A25AC4F00186DDA /* SmallTitleLabel.swift */; };
		785BBF022A25AC6000186DDA /* LargeTitleLabel.swift in Sources */ = {isa = PBXBuildFile; fileRef = 785BBF012A25AC6000186DDA /* LargeTitleLabel.swift */; };
		785BBF052A25AC8400186DDA /* NextStepButton.swift in Sources */ = {isa = PBXBuildFile; fileRef = 785BBF042A25AC8400186DDA /* NextStepButton.swift */; };
		785BBF072A25AC9600186DDA /* AdditionalButton.swift in Sources */ = {isa = PBXBuildFile; fileRef = 785BBF062A25AC9600186DDA /* AdditionalButton.swift */; };
		785BBF0A2A25ACFD00186DDA /* SignupViewController.swift in Sources */ = {isa = PBXBuildFile; fileRef = 785BBF092A25ACFD00186DDA /* SignupViewController.swift */; };
		785BBF0C2A25AD2F00186DDA /* SuccessAuthViewController.swift in Sources */ = {isa = PBXBuildFile; fileRef = 785BBF0B2A25AD2F00186DDA /* SuccessAuthViewController.swift */; };
		785BBF0E2A25AD4600186DDA /* FailAuthViewController.swift in Sources */ = {isa = PBXBuildFile; fileRef = 785BBF0D2A25AD4600186DDA /* FailAuthViewController.swift */; };
		785BBF112A25AD6700186DDA /* FindPasswordViewController.swift in Sources */ = {isa = PBXBuildFile; fileRef = 785BBF102A25AD6700186DDA /* FindPasswordViewController.swift */; };
		785BBF132A25AD8100186DDA /* MakeNewPasswordViewController.swift in Sources */ = {isa = PBXBuildFile; fileRef = 785BBF122A25AD8100186DDA /* MakeNewPasswordViewController.swift */; };
		785BBF1E2A25E9FE00186DDA /* Pretendard-ExtraBold.otf in Resources */ = {isa = PBXBuildFile; fileRef = 785BBF152A25E9FE00186DDA /* Pretendard-ExtraBold.otf */; };
		785BBF1F2A25E9FE00186DDA /* Pretendard-ExtraLight.otf in Resources */ = {isa = PBXBuildFile; fileRef = 785BBF162A25E9FE00186DDA /* Pretendard-ExtraLight.otf */; };
		785BBF202A25E9FE00186DDA /* Pretendard-Medium.otf in Resources */ = {isa = PBXBuildFile; fileRef = 785BBF172A25E9FE00186DDA /* Pretendard-Medium.otf */; };
		785BBF212A25E9FE00186DDA /* Pretendard-Bold.otf in Resources */ = {isa = PBXBuildFile; fileRef = 785BBF182A25E9FE00186DDA /* Pretendard-Bold.otf */; };
		785BBF222A25E9FE00186DDA /* Pretendard-Regular.otf in Resources */ = {isa = PBXBuildFile; fileRef = 785BBF192A25E9FE00186DDA /* Pretendard-Regular.otf */; };
		785BBF232A25E9FE00186DDA /* Pretendard-SemiBold.otf in Resources */ = {isa = PBXBuildFile; fileRef = 785BBF1A2A25E9FE00186DDA /* Pretendard-SemiBold.otf */; };
		785BBF242A25E9FE00186DDA /* Pretendard-Thin.otf in Resources */ = {isa = PBXBuildFile; fileRef = 785BBF1B2A25E9FE00186DDA /* Pretendard-Thin.otf */; };
		785BBF252A25E9FE00186DDA /* Pretendard-Black.otf in Resources */ = {isa = PBXBuildFile; fileRef = 785BBF1C2A25E9FE00186DDA /* Pretendard-Black.otf */; };
		785BBF262A25E9FE00186DDA /* Pretendard-Light.otf in Resources */ = {isa = PBXBuildFile; fileRef = 785BBF1D2A25E9FE00186DDA /* Pretendard-Light.otf */; };
		785DFE092A7693C500867D64 /* BaseURL.swift in Sources */ = {isa = PBXBuildFile; fileRef = 785DFE082A7693C500867D64 /* BaseURL.swift */; };
		786799362A700EEB002E76B0 /* IQKeyboardManagerSwift in Frameworks */ = {isa = PBXBuildFile; productRef = 786799352A700EEB002E76B0 /* IQKeyboardManagerSwift */; };
		786DCB1129F81C9200228885 /* AppDelegate.swift in Sources */ = {isa = PBXBuildFile; fileRef = 786DCB1029F81C9200228885 /* AppDelegate.swift */; };
		786DCB1329F81C9200228885 /* SceneDelegate.swift in Sources */ = {isa = PBXBuildFile; fileRef = 786DCB1229F81C9200228885 /* SceneDelegate.swift */; };
		786DCB1529F81C9200228885 /* BaseViewController.swift in Sources */ = {isa = PBXBuildFile; fileRef = 786DCB1429F81C9200228885 /* BaseViewController.swift */; };
		786DCB1A29F81C9300228885 /* Assets.xcassets in Resources */ = {isa = PBXBuildFile; fileRef = 786DCB1929F81C9300228885 /* Assets.xcassets */; };
		786DCB1D29F81C9300228885 /* LaunchScreen.storyboard in Resources */ = {isa = PBXBuildFile; fileRef = 786DCB1B29F81C9300228885 /* LaunchScreen.storyboard */; };
		786FB7FA2A1122C000BD3386 /* Font.swift in Sources */ = {isa = PBXBuildFile; fileRef = 786FB7F92A1122C000BD3386 /* Font.swift */; };
		786FB8052A11259A00BD3386 /* UITextField+setPlaceholderColor.swift in Sources */ = {isa = PBXBuildFile; fileRef = 786FB8042A11259A00BD3386 /* UITextField+setPlaceholderColor.swift */; };
		787211F62A777FD9008B2998 /* LoginViewModel.swift in Sources */ = {isa = PBXBuildFile; fileRef = 787211F52A777FD9008B2998 /* LoginViewModel.swift */; };
		787211F92A778179008B2998 /* KeyChainManager.swift in Sources */ = {isa = PBXBuildFile; fileRef = 787211F82A778179008B2998 /* KeyChainManager.swift */; };
		78848A8C2A343E06001588AA /* RxKeyboard in Frameworks */ = {isa = PBXBuildFile; productRef = 78848A8B2A343E06001588AA /* RxKeyboard */; };
		78B6644B2A0E89DF00B8C68C /* NormalTextField.swift in Sources */ = {isa = PBXBuildFile; fileRef = 78B6644A2A0E89DF00B8C68C /* NormalTextField.swift */; };
		78B6644D2A0E8A7C00B8C68C /* SecureTextField.swift in Sources */ = {isa = PBXBuildFile; fileRef = 78B6644C2A0E8A7C00B8C68C /* SecureTextField.swift */; };
		78BE2D4E2A7A2701009D9E20 /* EmailServices.swift in Sources */ = {isa = PBXBuildFile; fileRef = 78BE2D4D2A7A2701009D9E20 /* EmailServices.swift */; };
		78BE2D512A7A2721009D9E20 /* EmailRequest.swift in Sources */ = {isa = PBXBuildFile; fileRef = 78BE2D502A7A2721009D9E20 /* EmailRequest.swift */; };
		78BE2D542A7A2E64009D9E20 /* Email.swift in Sources */ = {isa = PBXBuildFile; fileRef = 78BE2D532A7A2E64009D9E20 /* Email.swift */; };
		78EC4ADF2A00056A002645B3 /* UIColor+HexColor.swift in Sources */ = {isa = PBXBuildFile; fileRef = 78EC4ADE2A00056A002645B3 /* UIColor+HexColor.swift */; };
		D0AA9CA72A6F897A00C16679 /* UIView+addSubviews.swift in Sources */ = {isa = PBXBuildFile; fileRef = D0AA9CA62A6F897A00C16679 /* UIView+addSubviews.swift */; };
		D0AA9CAA2A6F8AC100C16679 /* UIButton+setImage.swift in Sources */ = {isa = PBXBuildFile; fileRef = D0AA9CA92A6F8AC100C16679 /* UIButton+setImage.swift */; };
		D0C843032A7B5B4D005F7EC6 /* MainVC.swift in Sources */ = {isa = PBXBuildFile; fileRef = D0C843022A7B5B4D005F7EC6 /* MainVC.swift */; };
		D0C843052A7B62A6005F7EC6 /* MajorSelectButton.swift in Sources */ = {isa = PBXBuildFile; fileRef = D0C843042A7B62A6005F7EC6 /* MajorSelectButton.swift */; };
/* End PBXBuildFile section */

/* Begin PBXFileReference section */
		78015C4C2A31BE6C00737055 /* CertificationNumberViewController.swift */ = {isa = PBXFileReference; lastKnownFileType = sourcecode.swift; path = CertificationNumberViewController.swift; sourceTree = "<group>"; };
		78015C4E2A31CB7200737055 /* OTPTextField.swift */ = {isa = PBXFileReference; lastKnownFileType = sourcecode.swift; path = OTPTextField.swift; sourceTree = "<group>"; };
		781BD2802A7739C300118B99 /* AuthServices.swift */ = {isa = PBXFileReference; lastKnownFileType = sourcecode.swift; path = AuthServices.swift; sourceTree = "<group>"; };
		781BD2832A773C8600118B99 /* AuthRequest.swift */ = {isa = PBXFileReference; lastKnownFileType = sourcecode.swift; path = AuthRequest.swift; sourceTree = "<group>"; };
		781BD2862A77406200118B99 /* Auth.swift */ = {isa = PBXFileReference; lastKnownFileType = sourcecode.swift; path = Auth.swift; sourceTree = "<group>"; };
		781BD2882A774F4B00118B99 /* URLInfo.plist */ = {isa = PBXFileReference; lastKnownFileType = text.plist.xml; path = URLInfo.plist; sourceTree = "<group>"; };
		781BD28C2A7750D200118B99 /* Idea-Archive++Bundle.swift */ = {isa = PBXFileReference; lastKnownFileType = sourcecode.swift; path = "Idea-Archive++Bundle.swift"; sourceTree = "<group>"; };
		785BBEF72A25ABC200186DDA /* LoginViewController.swift */ = {isa = PBXFileReference; lastKnownFileType = sourcecode.swift; path = LoginViewController.swift; sourceTree = "<group>"; };
		785BBEFA2A25ABFF00186DDA /* Color.swift */ = {isa = PBXFileReference; lastKnownFileType = sourcecode.swift; path = Color.swift; sourceTree = "<group>"; };
		785BBEFD2A25AC3C00186DDA /* TitleLabel.swift */ = {isa = PBXFileReference; lastKnownFileType = sourcecode.swift; path = TitleLabel.swift; sourceTree = "<group>"; };
		785BBEFF2A25AC4F00186DDA /* SmallTitleLabel.swift */ = {isa = PBXFileReference; lastKnownFileType = sourcecode.swift; path = SmallTitleLabel.swift; sourceTree = "<group>"; };
		785BBF012A25AC6000186DDA /* LargeTitleLabel.swift */ = {isa = PBXFileReference; lastKnownFileType = sourcecode.swift; path = LargeTitleLabel.swift; sourceTree = "<group>"; };
		785BBF042A25AC8400186DDA /* NextStepButton.swift */ = {isa = PBXFileReference; lastKnownFileType = sourcecode.swift; path = NextStepButton.swift; sourceTree = "<group>"; };
		785BBF062A25AC9600186DDA /* AdditionalButton.swift */ = {isa = PBXFileReference; lastKnownFileType = sourcecode.swift; path = AdditionalButton.swift; sourceTree = "<group>"; };
		785BBF092A25ACFD00186DDA /* SignupViewController.swift */ = {isa = PBXFileReference; lastKnownFileType = sourcecode.swift; path = SignupViewController.swift; sourceTree = "<group>"; };
		785BBF0B2A25AD2F00186DDA /* SuccessAuthViewController.swift */ = {isa = PBXFileReference; lastKnownFileType = sourcecode.swift; path = SuccessAuthViewController.swift; sourceTree = "<group>"; };
		785BBF0D2A25AD4600186DDA /* FailAuthViewController.swift */ = {isa = PBXFileReference; lastKnownFileType = sourcecode.swift; path = FailAuthViewController.swift; sourceTree = "<group>"; };
		785BBF102A25AD6700186DDA /* FindPasswordViewController.swift */ = {isa = PBXFileReference; lastKnownFileType = sourcecode.swift; path = FindPasswordViewController.swift; sourceTree = "<group>"; };
		785BBF122A25AD8100186DDA /* MakeNewPasswordViewController.swift */ = {isa = PBXFileReference; lastKnownFileType = sourcecode.swift; path = MakeNewPasswordViewController.swift; sourceTree = "<group>"; };
		785BBF152A25E9FE00186DDA /* Pretendard-ExtraBold.otf */ = {isa = PBXFileReference; lastKnownFileType = file; path = "Pretendard-ExtraBold.otf"; sourceTree = "<group>"; };
		785BBF162A25E9FE00186DDA /* Pretendard-ExtraLight.otf */ = {isa = PBXFileReference; lastKnownFileType = file; path = "Pretendard-ExtraLight.otf"; sourceTree = "<group>"; };
		785BBF172A25E9FE00186DDA /* Pretendard-Medium.otf */ = {isa = PBXFileReference; lastKnownFileType = file; path = "Pretendard-Medium.otf"; sourceTree = "<group>"; };
		785BBF182A25E9FE00186DDA /* Pretendard-Bold.otf */ = {isa = PBXFileReference; lastKnownFileType = file; path = "Pretendard-Bold.otf"; sourceTree = "<group>"; };
		785BBF192A25E9FE00186DDA /* Pretendard-Regular.otf */ = {isa = PBXFileReference; lastKnownFileType = file; path = "Pretendard-Regular.otf"; sourceTree = "<group>"; };
		785BBF1A2A25E9FE00186DDA /* Pretendard-SemiBold.otf */ = {isa = PBXFileReference; lastKnownFileType = file; path = "Pretendard-SemiBold.otf"; sourceTree = "<group>"; };
		785BBF1B2A25E9FE00186DDA /* Pretendard-Thin.otf */ = {isa = PBXFileReference; lastKnownFileType = file; path = "Pretendard-Thin.otf"; sourceTree = "<group>"; };
		785BBF1C2A25E9FE00186DDA /* Pretendard-Black.otf */ = {isa = PBXFileReference; lastKnownFileType = file; path = "Pretendard-Black.otf"; sourceTree = "<group>"; };
		785BBF1D2A25E9FE00186DDA /* Pretendard-Light.otf */ = {isa = PBXFileReference; lastKnownFileType = file; path = "Pretendard-Light.otf"; sourceTree = "<group>"; };
		785DFE082A7693C500867D64 /* BaseURL.swift */ = {isa = PBXFileReference; lastKnownFileType = sourcecode.swift; path = BaseURL.swift; sourceTree = "<group>"; };
		786DCB0D29F81C9200228885 /* Idea-Archive.app */ = {isa = PBXFileReference; explicitFileType = wrapper.application; includeInIndex = 0; path = "Idea-Archive.app"; sourceTree = BUILT_PRODUCTS_DIR; };
		786DCB1029F81C9200228885 /* AppDelegate.swift */ = {isa = PBXFileReference; lastKnownFileType = sourcecode.swift; path = AppDelegate.swift; sourceTree = "<group>"; };
		786DCB1229F81C9200228885 /* SceneDelegate.swift */ = {isa = PBXFileReference; lastKnownFileType = sourcecode.swift; path = SceneDelegate.swift; sourceTree = "<group>"; };
		786DCB1429F81C9200228885 /* BaseViewController.swift */ = {isa = PBXFileReference; lastKnownFileType = sourcecode.swift; path = BaseViewController.swift; sourceTree = "<group>"; };
		786DCB1929F81C9300228885 /* Assets.xcassets */ = {isa = PBXFileReference; lastKnownFileType = folder.assetcatalog; path = Assets.xcassets; sourceTree = "<group>"; };
		786DCB1C29F81C9300228885 /* Base */ = {isa = PBXFileReference; lastKnownFileType = file.storyboard; name = Base; path = Base.lproj/LaunchScreen.storyboard; sourceTree = "<group>"; };
		786DCB1E29F81C9300228885 /* Info.plist */ = {isa = PBXFileReference; lastKnownFileType = text.plist.xml; path = Info.plist; sourceTree = "<group>"; };
		786FB7F92A1122C000BD3386 /* Font.swift */ = {isa = PBXFileReference; lastKnownFileType = sourcecode.swift; path = Font.swift; sourceTree = "<group>"; };
		786FB8042A11259A00BD3386 /* UITextField+setPlaceholderColor.swift */ = {isa = PBXFileReference; lastKnownFileType = sourcecode.swift; path = "UITextField+setPlaceholderColor.swift"; sourceTree = "<group>"; };
		787211F52A777FD9008B2998 /* LoginViewModel.swift */ = {isa = PBXFileReference; lastKnownFileType = sourcecode.swift; path = LoginViewModel.swift; sourceTree = "<group>"; };
		787211F82A778179008B2998 /* KeyChainManager.swift */ = {isa = PBXFileReference; lastKnownFileType = sourcecode.swift; path = KeyChainManager.swift; sourceTree = "<group>"; };
		78B6644A2A0E89DF00B8C68C /* NormalTextField.swift */ = {isa = PBXFileReference; lastKnownFileType = sourcecode.swift; path = NormalTextField.swift; sourceTree = "<group>"; };
		78B6644C2A0E8A7C00B8C68C /* SecureTextField.swift */ = {isa = PBXFileReference; lastKnownFileType = sourcecode.swift; path = SecureTextField.swift; sourceTree = "<group>"; };
		78BE2D4D2A7A2701009D9E20 /* EmailServices.swift */ = {isa = PBXFileReference; lastKnownFileType = sourcecode.swift; path = EmailServices.swift; sourceTree = "<group>"; };
		78BE2D502A7A2721009D9E20 /* EmailRequest.swift */ = {isa = PBXFileReference; lastKnownFileType = sourcecode.swift; path = EmailRequest.swift; sourceTree = "<group>"; };
		78BE2D532A7A2E64009D9E20 /* Email.swift */ = {isa = PBXFileReference; lastKnownFileType = sourcecode.swift; path = Email.swift; sourceTree = "<group>"; };
		78EC4ADE2A00056A002645B3 /* UIColor+HexColor.swift */ = {isa = PBXFileReference; lastKnownFileType = sourcecode.swift; path = "UIColor+HexColor.swift"; sourceTree = "<group>"; };
		D0AA9CA62A6F897A00C16679 /* UIView+addSubviews.swift */ = {isa = PBXFileReference; lastKnownFileType = sourcecode.swift; path = "UIView+addSubviews.swift"; sourceTree = "<group>"; };
		D0AA9CA92A6F8AC100C16679 /* UIButton+setImage.swift */ = {isa = PBXFileReference; lastKnownFileType = sourcecode.swift; path = "UIButton+setImage.swift"; sourceTree = "<group>"; };
		D0C843022A7B5B4D005F7EC6 /* MainVC.swift */ = {isa = PBXFileReference; lastKnownFileType = sourcecode.swift; path = MainVC.swift; sourceTree = "<group>"; };
		D0C843042A7B62A6005F7EC6 /* MajorSelectButton.swift */ = {isa = PBXFileReference; lastKnownFileType = sourcecode.swift; path = MajorSelectButton.swift; sourceTree = "<group>"; };
/* End PBXFileReference section */

/* Begin PBXFrameworksBuildPhase section */
		786DCB0A29F81C9200228885 /* Frameworks */ = {
			isa = PBXFrameworksBuildPhase;
			buildActionMask = 2147483647;
			files = (
				786799362A700EEB002E76B0 /* IQKeyboardManagerSwift in Frameworks */,
				785BBEF22A25AB8800186DDA /* SnapKit in Frameworks */,
				781BD27E2A7732DC00118B99 /* Moya in Frameworks */,
				78848A8C2A343E06001588AA /* RxKeyboard in Frameworks */,
				785BBEF52A25AB9600186DDA /* Then in Frameworks */,
				78015C4B2A30CAEA00737055 /* AEOTPTextField in Frameworks */,
			);
			runOnlyForDeploymentPostprocessing = 0;
		};
/* End PBXFrameworksBuildPhase section */

/* Begin PBXGroup section */
		781BD2782A77311A00118B99 /* General */ = {
			isa = PBXGroup;
			children = (
				785DFE082A7693C500867D64 /* BaseURL.swift */,
				781BD28C2A7750D200118B99 /* Idea-Archive++Bundle.swift */,
				781BD2882A774F4B00118B99 /* URLInfo.plist */,
			);
			path = General;
			sourceTree = "<group>";
		};
		781BD2792A77311F00118B99 /* Model */ = {
			isa = PBXGroup;
			children = (
				787211F72A77816C008B2998 /* KeyChain */,
				781BD2852A77405B00118B99 /* Auth */,
				78BE2D522A7A2E55009D9E20 /* Email */,
			);
			path = Model;
			sourceTree = "<group>";
		};
		781BD27A2A77313300118B99 /* Request */ = {
			isa = PBXGroup;
			children = (
				781BD2822A773C2C00118B99 /* Auth */,
				78BE2D4F2A7A2715009D9E20 /* Email */,
			);
			path = Request;
			sourceTree = "<group>";
		};
		781BD27B2A77314600118B99 /* Services */ = {
			isa = PBXGroup;
			children = (
				781BD27F2A7739B700118B99 /* Auth */,
				78BE2D4C2A7A26F6009D9E20 /* Email */,
			);
			path = Services;
			sourceTree = "<group>";
		};
		781BD27F2A7739B700118B99 /* Auth */ = {
			isa = PBXGroup;
			children = (
				781BD2802A7739C300118B99 /* AuthServices.swift */,
			);
			path = Auth;
			sourceTree = "<group>";
		};
		781BD2822A773C2C00118B99 /* Auth */ = {
			isa = PBXGroup;
			children = (
				781BD2832A773C8600118B99 /* AuthRequest.swift */,
			);
			path = Auth;
			sourceTree = "<group>";
		};
		781BD2852A77405B00118B99 /* Auth */ = {
			isa = PBXGroup;
			children = (
				781BD2862A77406200118B99 /* Auth.swift */,
			);
			path = Auth;
			sourceTree = "<group>";
		};
		785BBEF62A25ABB500186DDA /* Login */ = {
			isa = PBXGroup;
			children = (
				787211F32A777FBB008B2998 /* View */,
				787211F42A777FC1008B2998 /* ViewModel */,
			);
			path = Login;
			sourceTree = "<group>";
		};
		785BBEF92A25ABF300186DDA /* Color */ = {
			isa = PBXGroup;
			children = (
				785BBEFA2A25ABFF00186DDA /* Color.swift */,
			);
			path = Color;
			sourceTree = "<group>";
		};
		785BBEFC2A25AC0800186DDA /* Label */ = {
			isa = PBXGroup;
			children = (
				785BBEFD2A25AC3C00186DDA /* TitleLabel.swift */,
				785BBF012A25AC6000186DDA /* LargeTitleLabel.swift */,
				785BBEFF2A25AC4F00186DDA /* SmallTitleLabel.swift */,
			);
			path = Label;
			sourceTree = "<group>";
		};
		785BBF032A25AC7200186DDA /* Button */ = {
			isa = PBXGroup;
			children = (
				785BBF042A25AC8400186DDA /* NextStepButton.swift */,
				785BBF062A25AC9600186DDA /* AdditionalButton.swift */,
				D0C843042A7B62A6005F7EC6 /* MajorSelectButton.swift */,
			);
			path = Button;
			sourceTree = "<group>";
		};
		785BBF082A25ACEE00186DDA /* Signup */ = {
			isa = PBXGroup;
			children = (
				78BE2D562A7A301C009D9E20 /* SignupUserInfo */,
				78BE2D572A7A302A009D9E20 /* CertificationNumber */,
				78BE2D552A7A2F17009D9E20 /* SignupResult */,
			);
			path = Signup;
			sourceTree = "<group>";
		};
		785BBF0F2A25AD5700186DDA /* MakePassword */ = {
			isa = PBXGroup;
			children = (
				785BBF122A25AD8100186DDA /* MakeNewPasswordViewController.swift */,
			);
			path = MakePassword;
			sourceTree = "<group>";
		};
		785BBF142A25E92200186DDA /* Pretendard */ = {
			isa = PBXGroup;
			children = (
				785BBF1C2A25E9FE00186DDA /* Pretendard-Black.otf */,
				785BBF182A25E9FE00186DDA /* Pretendard-Bold.otf */,
				785BBF152A25E9FE00186DDA /* Pretendard-ExtraBold.otf */,
				785BBF162A25E9FE00186DDA /* Pretendard-ExtraLight.otf */,
				785BBF1D2A25E9FE00186DDA /* Pretendard-Light.otf */,
				785BBF172A25E9FE00186DDA /* Pretendard-Medium.otf */,
				785BBF192A25E9FE00186DDA /* Pretendard-Regular.otf */,
				785BBF1A2A25E9FE00186DDA /* Pretendard-SemiBold.otf */,
				785BBF1B2A25E9FE00186DDA /* Pretendard-Thin.otf */,
			);
			path = Pretendard;
			sourceTree = "<group>";
		};
		785DFE072A7693A100867D64 /* Data */ = {
			isa = PBXGroup;
			children = (
				781BD2782A77311A00118B99 /* General */,
				781BD27B2A77314600118B99 /* Services */,
				781BD27A2A77313300118B99 /* Request */,
				781BD2792A77311F00118B99 /* Model */,
			);
			path = Data;
			sourceTree = "<group>";
		};
		786DCB0429F81C9200228885 = {
			isa = PBXGroup;
			children = (
				786DCB0F29F81C9200228885 /* Idea-Archive */,
				786DCB0E29F81C9200228885 /* Products */,
			);
			sourceTree = "<group>";
		};
		786DCB0E29F81C9200228885 /* Products */ = {
			isa = PBXGroup;
			children = (
				786DCB0D29F81C9200228885 /* Idea-Archive.app */,
			);
			name = Products;
			sourceTree = "<group>";
		};
		786DCB0F29F81C9200228885 /* Idea-Archive */ = {
			isa = PBXGroup;
			children = (
				786DCB2429F81E2100228885 /* Support */,
				786DCB2629F81E3200228885 /* Resources */,
				786DCB2529F81E2A00228885 /* Sources */,
			);
			path = "Idea-Archive";
			sourceTree = "<group>";
		};
		786DCB2429F81E2100228885 /* Support */ = {
			isa = PBXGroup;
			children = (
				786DCB1E29F81C9300228885 /* Info.plist */,
			);
			path = Support;
			sourceTree = "<group>";
		};
		786DCB2529F81E2A00228885 /* Sources */ = {
			isa = PBXGroup;
			children = (
				786DCB2729F81E5C00228885 /* Application */,
				785DFE072A7693A100867D64 /* Data */,
				786DCB2829F81E6D00228885 /* Presentation */,
				786DCB2929F81E8100228885 /* DesignSystem */,
				786DCB2A29F81E9200228885 /* Utility */,
			);
			path = Sources;
			sourceTree = "<group>";
		};
		786DCB2629F81E3200228885 /* Resources */ = {
			isa = PBXGroup;
			children = (
				786DCB2B29F81EC800228885 /* Assets */,
				786DCB2D29F81EF700228885 /* Fonts */,
				786DCB2C29F81ED600228885 /* Launch */,
			);
			path = Resources;
			sourceTree = "<group>";
		};
		786DCB2729F81E5C00228885 /* Application */ = {
			isa = PBXGroup;
			children = (
				786DCB1029F81C9200228885 /* AppDelegate.swift */,
				786DCB1229F81C9200228885 /* SceneDelegate.swift */,
			);
			path = Application;
			sourceTree = "<group>";
		};
		786DCB2829F81E6D00228885 /* Presentation */ = {
			isa = PBXGroup;
			children = (
				D0C843012A7B1235005F7EC6 /* Main */,
				785BBEF62A25ABB500186DDA /* Login */,
				785BBF082A25ACEE00186DDA /* Signup */,
				786E0FF82A2B097F00F73173 /* FindPassword */,
				785BBF0F2A25AD5700186DDA /* MakePassword */,
			);
			path = Presentation;
			sourceTree = "<group>";
		};
		786DCB2929F81E8100228885 /* DesignSystem */ = {
			isa = PBXGroup;
			children = (
				78B664482A0E87D000B8C68C /* Sources */,
			);
			path = DesignSystem;
			sourceTree = "<group>";
		};
		786DCB2A29F81E9200228885 /* Utility */ = {
			isa = PBXGroup;
			children = (
				D0AA9CA82A6F8AB000C16679 /* UIButton */,
				D0AA9CA52A6F892100C16679 /* UIView */,
				786FB8032A11258700BD3386 /* Extension */,
				786DCB2E29F81F1F00228885 /* Base */,
				78EC4ADD2A00055C002645B3 /* UIColor */,
			);
			path = Utility;
			sourceTree = "<group>";
		};
		786DCB2B29F81EC800228885 /* Assets */ = {
			isa = PBXGroup;
			children = (
				786DCB1929F81C9300228885 /* Assets.xcassets */,
			);
			path = Assets;
			sourceTree = "<group>";
		};
		786DCB2C29F81ED600228885 /* Launch */ = {
			isa = PBXGroup;
			children = (
				786DCB1B29F81C9300228885 /* LaunchScreen.storyboard */,
			);
			path = Launch;
			sourceTree = "<group>";
		};
		786DCB2D29F81EF700228885 /* Fonts */ = {
			isa = PBXGroup;
			children = (
				785BBF142A25E92200186DDA /* Pretendard */,
			);
			path = Fonts;
			sourceTree = "<group>";
		};
		786DCB2E29F81F1F00228885 /* Base */ = {
			isa = PBXGroup;
			children = (
				786DCB1429F81C9200228885 /* BaseViewController.swift */,
			);
			path = Base;
			sourceTree = "<group>";
		};
		786E0FF82A2B097F00F73173 /* FindPassword */ = {
			isa = PBXGroup;
			children = (
				785BBF102A25AD6700186DDA /* FindPasswordViewController.swift */,
			);
			path = FindPassword;
			sourceTree = "<group>";
		};
		786FB7F82A1122B800BD3386 /* Font */ = {
			isa = PBXGroup;
			children = (
				786FB7F92A1122C000BD3386 /* Font.swift */,
			);
			path = Font;
			sourceTree = "<group>";
		};
		786FB8032A11258700BD3386 /* Extension */ = {
			isa = PBXGroup;
			children = (
				786FB8042A11259A00BD3386 /* UITextField+setPlaceholderColor.swift */,
			);
			path = Extension;
			sourceTree = "<group>";
		};
		787211F32A777FBB008B2998 /* View */ = {
			isa = PBXGroup;
			children = (
				785BBEF72A25ABC200186DDA /* LoginViewController.swift */,
			);
			path = View;
			sourceTree = "<group>";
		};
		787211F42A777FC1008B2998 /* ViewModel */ = {
			isa = PBXGroup;
			children = (
				787211F52A777FD9008B2998 /* LoginViewModel.swift */,
			);
			path = ViewModel;
			sourceTree = "<group>";
		};
		787211F72A77816C008B2998 /* KeyChain */ = {
			isa = PBXGroup;
			children = (
				787211F82A778179008B2998 /* KeyChainManager.swift */,
			);
			path = KeyChain;
			sourceTree = "<group>";
		};
		78B664482A0E87D000B8C68C /* Sources */ = {
			isa = PBXGroup;
			children = (
				785BBEF92A25ABF300186DDA /* Color */,
				786FB7F82A1122B800BD3386 /* Font */,
				785BBEFC2A25AC0800186DDA /* Label */,
				78B664492A0E89C900B8C68C /* TextField */,
				785BBF032A25AC7200186DDA /* Button */,
			);
			path = Sources;
			sourceTree = "<group>";
		};
		78B664492A0E89C900B8C68C /* TextField */ = {
			isa = PBXGroup;
			children = (
				78B6644A2A0E89DF00B8C68C /* NormalTextField.swift */,
				78B6644C2A0E8A7C00B8C68C /* SecureTextField.swift */,
				78015C4E2A31CB7200737055 /* OTPTextField.swift */,
			);
			path = TextField;
			sourceTree = "<group>";
		};
		78BE2D4C2A7A26F6009D9E20 /* Email */ = {
			isa = PBXGroup;
			children = (
				78BE2D4D2A7A2701009D9E20 /* EmailServices.swift */,
			);
			path = Email;
			sourceTree = "<group>";
		};
		78BE2D4F2A7A2715009D9E20 /* Email */ = {
			isa = PBXGroup;
			children = (
				78BE2D502A7A2721009D9E20 /* EmailRequest.swift */,
			);
			path = Email;
			sourceTree = "<group>";
		};
		78BE2D522A7A2E55009D9E20 /* Email */ = {
			isa = PBXGroup;
			children = (
				78BE2D532A7A2E64009D9E20 /* Email.swift */,
			);
			path = Email;
			sourceTree = "<group>";
		};
		78BE2D552A7A2F17009D9E20 /* SignupResult */ = {
			isa = PBXGroup;
			children = (
				785BBF0B2A25AD2F00186DDA /* SuccessAuthViewController.swift */,
				785BBF0D2A25AD4600186DDA /* FailAuthViewController.swift */,
			);
			path = SignupResult;
			sourceTree = "<group>";
		};
		78BE2D562A7A301C009D9E20 /* SignupUserInfo */ = {
			isa = PBXGroup;
			children = (
				785BBF092A25ACFD00186DDA /* SignupViewController.swift */,
			);
			path = SignupUserInfo;
			sourceTree = "<group>";
		};
		78BE2D572A7A302A009D9E20 /* CertificationNumber */ = {
			isa = PBXGroup;
			children = (
				78015C4C2A31BE6C00737055 /* CertificationNumberViewController.swift */,
			);
			path = CertificationNumber;
			sourceTree = "<group>";
		};
		78EC4ADD2A00055C002645B3 /* UIColor */ = {
			isa = PBXGroup;
			children = (
				78EC4ADE2A00056A002645B3 /* UIColor+HexColor.swift */,
			);
			path = UIColor;
			sourceTree = "<group>";
		};
		D0AA9CA52A6F892100C16679 /* UIView */ = {
			isa = PBXGroup;
			children = (
				D0AA9CA62A6F897A00C16679 /* UIView+addSubviews.swift */,
			);
			path = UIView;
			sourceTree = "<group>";
		};
		D0AA9CA82A6F8AB000C16679 /* UIButton */ = {
			isa = PBXGroup;
			children = (
				D0AA9CA92A6F8AC100C16679 /* UIButton+setImage.swift */,
			);
			path = UIButton;
			sourceTree = "<group>";
		};
		D0C843012A7B1235005F7EC6 /* Main */ = {
			isa = PBXGroup;
			children = (
				D0C843022A7B5B4D005F7EC6 /* MainVC.swift */,
			);
			path = Main;
			sourceTree = "<group>";
		};
/* End PBXGroup section */

/* Begin PBXNativeTarget section */
		786DCB0C29F81C9200228885 /* Idea-Archive */ = {
			isa = PBXNativeTarget;
			buildConfigurationList = 786DCB2129F81C9300228885 /* Build configuration list for PBXNativeTarget "Idea-Archive" */;
			buildPhases = (
				786DCB0929F81C9200228885 /* Sources */,
				786DCB0A29F81C9200228885 /* Frameworks */,
				786DCB0B29F81C9200228885 /* Resources */,
			);
			buildRules = (
			);
			dependencies = (
			);
			name = "Idea-Archive";
			packageProductDependencies = (
				785BBEF12A25AB8800186DDA /* SnapKit */,
				785BBEF42A25AB9600186DDA /* Then */,
				78015C4A2A30CAEA00737055 /* AEOTPTextField */,
				78848A8B2A343E06001588AA /* RxKeyboard */,
				786799352A700EEB002E76B0 /* IQKeyboardManagerSwift */,
				781BD27D2A7732DC00118B99 /* Moya */,
			);
			productName = "Idea-Archive";
			productReference = 786DCB0D29F81C9200228885 /* Idea-Archive.app */;
			productType = "com.apple.product-type.application";
		};
/* End PBXNativeTarget section */

/* Begin PBXProject section */
		786DCB0529F81C9200228885 /* Project object */ = {
			isa = PBXProject;
			attributes = {
				BuildIndependentTargetsInParallel = 1;
				LastSwiftUpdateCheck = 1400;
				LastUpgradeCheck = 1400;
				TargetAttributes = {
					786DCB0C29F81C9200228885 = {
						CreatedOnToolsVersion = 14.0;
					};
				};
			};
			buildConfigurationList = 786DCB0829F81C9200228885 /* Build configuration list for PBXProject "Idea-Archive" */;
			compatibilityVersion = "Xcode 14.0";
			developmentRegion = en;
			hasScannedForEncodings = 0;
			knownRegions = (
				en,
				Base,
			);
			mainGroup = 786DCB0429F81C9200228885;
			packageReferences = (
				785BBEF02A25AB8800186DDA /* XCRemoteSwiftPackageReference "SnapKit" */,
				785BBEF32A25AB9500186DDA /* XCRemoteSwiftPackageReference "Then" */,
				78015C492A30CAEA00737055 /* XCRemoteSwiftPackageReference "junseopark-AEOTPTextField" */,
				78848A8A2A343E06001588AA /* XCRemoteSwiftPackageReference "RxKeyboard" */,
				786799342A700EEB002E76B0 /* XCRemoteSwiftPackageReference "IQKeyboardManager" */,
				781BD27C2A7732DC00118B99 /* XCRemoteSwiftPackageReference "Moya" */,
			);
			productRefGroup = 786DCB0E29F81C9200228885 /* Products */;
			projectDirPath = "";
			projectRoot = "";
			targets = (
				786DCB0C29F81C9200228885 /* Idea-Archive */,
			);
		};
/* End PBXProject section */

/* Begin PBXResourcesBuildPhase section */
		786DCB0B29F81C9200228885 /* Resources */ = {
			isa = PBXResourcesBuildPhase;
			buildActionMask = 2147483647;
			files = (
				781BD2892A774F4B00118B99 /* URLInfo.plist in Resources */,
				786DCB1D29F81C9300228885 /* LaunchScreen.storyboard in Resources */,
				785BBF212A25E9FE00186DDA /* Pretendard-Bold.otf in Resources */,
				785BBF202A25E9FE00186DDA /* Pretendard-Medium.otf in Resources */,
				785BBF242A25E9FE00186DDA /* Pretendard-Thin.otf in Resources */,
				785BBF252A25E9FE00186DDA /* Pretendard-Black.otf in Resources */,
				785BBF262A25E9FE00186DDA /* Pretendard-Light.otf in Resources */,
				785BBF232A25E9FE00186DDA /* Pretendard-SemiBold.otf in Resources */,
				786DCB1A29F81C9300228885 /* Assets.xcassets in Resources */,
				785BBF222A25E9FE00186DDA /* Pretendard-Regular.otf in Resources */,
				785BBF1F2A25E9FE00186DDA /* Pretendard-ExtraLight.otf in Resources */,
				785BBF1E2A25E9FE00186DDA /* Pretendard-ExtraBold.otf in Resources */,
			);
			runOnlyForDeploymentPostprocessing = 0;
		};
/* End PBXResourcesBuildPhase section */

/* Begin PBXSourcesBuildPhase section */
		786DCB0929F81C9200228885 /* Sources */ = {
			isa = PBXSourcesBuildPhase;
			buildActionMask = 2147483647;
			files = (
				785BBF132A25AD8100186DDA /* MakeNewPasswordViewController.swift in Sources */,
				785BBF0C2A25AD2F00186DDA /* SuccessAuthViewController.swift in Sources */,
				781BD28D2A7750D200118B99 /* Idea-Archive++Bundle.swift in Sources */,
				78015C4D2A31BE6C00737055 /* CertificationNumberViewController.swift in Sources */,
				785BBEF82A25ABC200186DDA /* LoginViewController.swift in Sources */,
				785BBF022A25AC6000186DDA /* LargeTitleLabel.swift in Sources */,
				D0C843032A7B5B4D005F7EC6 /* MainVC.swift in Sources */,
				78B6644D2A0E8A7C00B8C68C /* SecureTextField.swift in Sources */,
				786DCB1529F81C9200228885 /* BaseViewController.swift in Sources */,
				787211F62A777FD9008B2998 /* LoginViewModel.swift in Sources */,
				781BD2812A7739C300118B99 /* AuthServices.swift in Sources */,
				78015C4F2A31CB7200737055 /* OTPTextField.swift in Sources */,
				785BBEFB2A25ABFF00186DDA /* Color.swift in Sources */,
				78BE2D542A7A2E64009D9E20 /* Email.swift in Sources */,
				785BBF112A25AD6700186DDA /* FindPasswordViewController.swift in Sources */,
				781BD2872A77406200118B99 /* Auth.swift in Sources */,
				787211F92A778179008B2998 /* KeyChainManager.swift in Sources */,
				785BBEFE2A25AC3C00186DDA /* TitleLabel.swift in Sources */,
				786FB7FA2A1122C000BD3386 /* Font.swift in Sources */,
				D0C843052A7B62A6005F7EC6 /* MajorSelectButton.swift in Sources */,
				786FB8052A11259A00BD3386 /* UITextField+setPlaceholderColor.swift in Sources */,
				78EC4ADF2A00056A002645B3 /* UIColor+HexColor.swift in Sources */,
				D0AA9CAA2A6F8AC100C16679 /* UIButton+setImage.swift in Sources */,
				D0AA9CA72A6F897A00C16679 /* UIView+addSubviews.swift in Sources */,
				785BBF072A25AC9600186DDA /* AdditionalButton.swift in Sources */,
				78BE2D4E2A7A2701009D9E20 /* EmailServices.swift in Sources */,
				78BE2D512A7A2721009D9E20 /* EmailRequest.swift in Sources */,
				785DFE092A7693C500867D64 /* BaseURL.swift in Sources */,
				785BBF0A2A25ACFD00186DDA /* SignupViewController.swift in Sources */,
				786DCB1129F81C9200228885 /* AppDelegate.swift in Sources */,
				781BD2842A773C8600118B99 /* AuthRequest.swift in Sources */,
				78B6644B2A0E89DF00B8C68C /* NormalTextField.swift in Sources */,
				785BBF0E2A25AD4600186DDA /* FailAuthViewController.swift in Sources */,
				786DCB1329F81C9200228885 /* SceneDelegate.swift in Sources */,
				785BBF052A25AC8400186DDA /* NextStepButton.swift in Sources */,
				785BBF002A25AC4F00186DDA /* SmallTitleLabel.swift in Sources */,
			);
			runOnlyForDeploymentPostprocessing = 0;
		};
/* End PBXSourcesBuildPhase section */

/* Begin PBXVariantGroup section */
		786DCB1B29F81C9300228885 /* LaunchScreen.storyboard */ = {
			isa = PBXVariantGroup;
			children = (
				786DCB1C29F81C9300228885 /* Base */,
			);
			name = LaunchScreen.storyboard;
			sourceTree = "<group>";
		};
/* End PBXVariantGroup section */

/* Begin XCBuildConfiguration section */
		786DCB1F29F81C9300228885 /* Debug */ = {
			isa = XCBuildConfiguration;
			buildSettings = {
				ALWAYS_SEARCH_USER_PATHS = NO;
				CLANG_ANALYZER_NONNULL = YES;
				CLANG_ANALYZER_NUMBER_OBJECT_CONVERSION = YES_AGGRESSIVE;
				CLANG_CXX_LANGUAGE_STANDARD = "gnu++20";
				CLANG_ENABLE_MODULES = YES;
				CLANG_ENABLE_OBJC_ARC = YES;
				CLANG_ENABLE_OBJC_WEAK = YES;
				CLANG_WARN_BLOCK_CAPTURE_AUTORELEASING = YES;
				CLANG_WARN_BOOL_CONVERSION = YES;
				CLANG_WARN_COMMA = YES;
				CLANG_WARN_CONSTANT_CONVERSION = YES;
				CLANG_WARN_DEPRECATED_OBJC_IMPLEMENTATIONS = YES;
				CLANG_WARN_DIRECT_OBJC_ISA_USAGE = YES_ERROR;
				CLANG_WARN_DOCUMENTATION_COMMENTS = YES;
				CLANG_WARN_EMPTY_BODY = YES;
				CLANG_WARN_ENUM_CONVERSION = YES;
				CLANG_WARN_INFINITE_RECURSION = YES;
				CLANG_WARN_INT_CONVERSION = YES;
				CLANG_WARN_NON_LITERAL_NULL_CONVERSION = YES;
				CLANG_WARN_OBJC_IMPLICIT_RETAIN_SELF = YES;
				CLANG_WARN_OBJC_LITERAL_CONVERSION = YES;
				CLANG_WARN_OBJC_ROOT_CLASS = YES_ERROR;
				CLANG_WARN_QUOTED_INCLUDE_IN_FRAMEWORK_HEADER = YES;
				CLANG_WARN_RANGE_LOOP_ANALYSIS = YES;
				CLANG_WARN_STRICT_PROTOTYPES = YES;
				CLANG_WARN_SUSPICIOUS_MOVE = YES;
				CLANG_WARN_UNGUARDED_AVAILABILITY = YES_AGGRESSIVE;
				CLANG_WARN_UNREACHABLE_CODE = YES;
				CLANG_WARN__DUPLICATE_METHOD_MATCH = YES;
				COPY_PHASE_STRIP = NO;
				DEBUG_INFORMATION_FORMAT = dwarf;
				ENABLE_STRICT_OBJC_MSGSEND = YES;
				ENABLE_TESTABILITY = YES;
				GCC_C_LANGUAGE_STANDARD = gnu11;
				GCC_DYNAMIC_NO_PIC = NO;
				GCC_NO_COMMON_BLOCKS = YES;
				GCC_OPTIMIZATION_LEVEL = 0;
				GCC_PREPROCESSOR_DEFINITIONS = (
					"DEBUG=1",
					"$(inherited)",
				);
				GCC_WARN_64_TO_32_BIT_CONVERSION = YES;
				GCC_WARN_ABOUT_RETURN_TYPE = YES_ERROR;
				GCC_WARN_UNDECLARED_SELECTOR = YES;
				GCC_WARN_UNINITIALIZED_AUTOS = YES_AGGRESSIVE;
				GCC_WARN_UNUSED_FUNCTION = YES;
				GCC_WARN_UNUSED_VARIABLE = YES;
				IPHONEOS_DEPLOYMENT_TARGET = 16.0;
				MTL_ENABLE_DEBUG_INFO = INCLUDE_SOURCE;
				MTL_FAST_MATH = YES;
				ONLY_ACTIVE_ARCH = YES;
				SDKROOT = iphoneos;
				SWIFT_ACTIVE_COMPILATION_CONDITIONS = DEBUG;
				SWIFT_OPTIMIZATION_LEVEL = "-Onone";
			};
			name = Debug;
		};
		786DCB2029F81C9300228885 /* Release */ = {
			isa = XCBuildConfiguration;
			buildSettings = {
				ALWAYS_SEARCH_USER_PATHS = NO;
				CLANG_ANALYZER_NONNULL = YES;
				CLANG_ANALYZER_NUMBER_OBJECT_CONVERSION = YES_AGGRESSIVE;
				CLANG_CXX_LANGUAGE_STANDARD = "gnu++20";
				CLANG_ENABLE_MODULES = YES;
				CLANG_ENABLE_OBJC_ARC = YES;
				CLANG_ENABLE_OBJC_WEAK = YES;
				CLANG_WARN_BLOCK_CAPTURE_AUTORELEASING = YES;
				CLANG_WARN_BOOL_CONVERSION = YES;
				CLANG_WARN_COMMA = YES;
				CLANG_WARN_CONSTANT_CONVERSION = YES;
				CLANG_WARN_DEPRECATED_OBJC_IMPLEMENTATIONS = YES;
				CLANG_WARN_DIRECT_OBJC_ISA_USAGE = YES_ERROR;
				CLANG_WARN_DOCUMENTATION_COMMENTS = YES;
				CLANG_WARN_EMPTY_BODY = YES;
				CLANG_WARN_ENUM_CONVERSION = YES;
				CLANG_WARN_INFINITE_RECURSION = YES;
				CLANG_WARN_INT_CONVERSION = YES;
				CLANG_WARN_NON_LITERAL_NULL_CONVERSION = YES;
				CLANG_WARN_OBJC_IMPLICIT_RETAIN_SELF = YES;
				CLANG_WARN_OBJC_LITERAL_CONVERSION = YES;
				CLANG_WARN_OBJC_ROOT_CLASS = YES_ERROR;
				CLANG_WARN_QUOTED_INCLUDE_IN_FRAMEWORK_HEADER = YES;
				CLANG_WARN_RANGE_LOOP_ANALYSIS = YES;
				CLANG_WARN_STRICT_PROTOTYPES = YES;
				CLANG_WARN_SUSPICIOUS_MOVE = YES;
				CLANG_WARN_UNGUARDED_AVAILABILITY = YES_AGGRESSIVE;
				CLANG_WARN_UNREACHABLE_CODE = YES;
				CLANG_WARN__DUPLICATE_METHOD_MATCH = YES;
				COPY_PHASE_STRIP = NO;
				DEBUG_INFORMATION_FORMAT = "dwarf-with-dsym";
				ENABLE_NS_ASSERTIONS = NO;
				ENABLE_STRICT_OBJC_MSGSEND = YES;
				GCC_C_LANGUAGE_STANDARD = gnu11;
				GCC_NO_COMMON_BLOCKS = YES;
				GCC_WARN_64_TO_32_BIT_CONVERSION = YES;
				GCC_WARN_ABOUT_RETURN_TYPE = YES_ERROR;
				GCC_WARN_UNDECLARED_SELECTOR = YES;
				GCC_WARN_UNINITIALIZED_AUTOS = YES_AGGRESSIVE;
				GCC_WARN_UNUSED_FUNCTION = YES;
				GCC_WARN_UNUSED_VARIABLE = YES;
				IPHONEOS_DEPLOYMENT_TARGET = 16.0;
				MTL_ENABLE_DEBUG_INFO = NO;
				MTL_FAST_MATH = YES;
				SDKROOT = iphoneos;
				SWIFT_COMPILATION_MODE = wholemodule;
				SWIFT_OPTIMIZATION_LEVEL = "-O";
				VALIDATE_PRODUCT = YES;
			};
			name = Release;
		};
		786DCB2229F81C9300228885 /* Debug */ = {
			isa = XCBuildConfiguration;
			buildSettings = {
				ASSETCATALOG_COMPILER_APPICON_NAME = AppIcon;
				ASSETCATALOG_COMPILER_GLOBAL_ACCENT_COLOR_NAME = AccentColor;
				CODE_SIGN_STYLE = Automatic;
				CURRENT_PROJECT_VERSION = 1;
				DEVELOPMENT_TEAM = 5T78F59TU2;
				GENERATE_INFOPLIST_FILE = YES;
				INFOPLIST_FILE = "Idea-Archive/Support/Info.plist";
				INFOPLIST_KEY_UIApplicationSupportsIndirectInputEvents = YES;
				INFOPLIST_KEY_UILaunchStoryboardName = LaunchScreen;
				INFOPLIST_KEY_UISupportedInterfaceOrientations_iPad = "UIInterfaceOrientationPortrait UIInterfaceOrientationPortraitUpsideDown UIInterfaceOrientationLandscapeLeft UIInterfaceOrientationLandscapeRight";
				INFOPLIST_KEY_UISupportedInterfaceOrientations_iPhone = "UIInterfaceOrientationPortrait UIInterfaceOrientationLandscapeLeft UIInterfaceOrientationLandscapeRight";
				LD_RUNPATH_SEARCH_PATHS = (
					"$(inherited)",
					"@executable_path/Frameworks",
				);
				MARKETING_VERSION = 1.0;
				PRODUCT_BUNDLE_IDENTIFIER = "class.Idea-Archive";
				PRODUCT_NAME = "$(TARGET_NAME)";
				SWIFT_EMIT_LOC_STRINGS = YES;
				SWIFT_VERSION = 5.0;
				TARGETED_DEVICE_FAMILY = "1,2";
			};
			name = Debug;
		};
		786DCB2329F81C9300228885 /* Release */ = {
			isa = XCBuildConfiguration;
			buildSettings = {
				ASSETCATALOG_COMPILER_APPICON_NAME = AppIcon;
				ASSETCATALOG_COMPILER_GLOBAL_ACCENT_COLOR_NAME = AccentColor;
				CODE_SIGN_STYLE = Automatic;
				CURRENT_PROJECT_VERSION = 1;
				DEVELOPMENT_TEAM = 5T78F59TU2;
				GENERATE_INFOPLIST_FILE = YES;
				INFOPLIST_FILE = "Idea-Archive/Support/Info.plist";
				INFOPLIST_KEY_UIApplicationSupportsIndirectInputEvents = YES;
				INFOPLIST_KEY_UILaunchStoryboardName = LaunchScreen;
				INFOPLIST_KEY_UISupportedInterfaceOrientations_iPad = "UIInterfaceOrientationPortrait UIInterfaceOrientationPortraitUpsideDown UIInterfaceOrientationLandscapeLeft UIInterfaceOrientationLandscapeRight";
				INFOPLIST_KEY_UISupportedInterfaceOrientations_iPhone = "UIInterfaceOrientationPortrait UIInterfaceOrientationLandscapeLeft UIInterfaceOrientationLandscapeRight";
				LD_RUNPATH_SEARCH_PATHS = (
					"$(inherited)",
					"@executable_path/Frameworks",
				);
				MARKETING_VERSION = 1.0;
				PRODUCT_BUNDLE_IDENTIFIER = "class.Idea-Archive";
				PRODUCT_NAME = "$(TARGET_NAME)";
				SWIFT_ACTIVE_COMPILATION_CONDITIONS = RELEASE;
				SWIFT_EMIT_LOC_STRINGS = YES;
				SWIFT_VERSION = 5.0;
				TARGETED_DEVICE_FAMILY = "1,2";
			};
			name = Release;
		};
/* End XCBuildConfiguration section */

/* Begin XCConfigurationList section */
		786DCB0829F81C9200228885 /* Build configuration list for PBXProject "Idea-Archive" */ = {
			isa = XCConfigurationList;
			buildConfigurations = (
				786DCB1F29F81C9300228885 /* Debug */,
				786DCB2029F81C9300228885 /* Release */,
			);
			defaultConfigurationIsVisible = 0;
			defaultConfigurationName = Release;
		};
		786DCB2129F81C9300228885 /* Build configuration list for PBXNativeTarget "Idea-Archive" */ = {
			isa = XCConfigurationList;
			buildConfigurations = (
				786DCB2229F81C9300228885 /* Debug */,
				786DCB2329F81C9300228885 /* Release */,
			);
			defaultConfigurationIsVisible = 0;
			defaultConfigurationName = Release;
		};
/* End XCConfigurationList section */

/* Begin XCRemoteSwiftPackageReference section */
		78015C492A30CAEA00737055 /* XCRemoteSwiftPackageReference "junseopark-AEOTPTextField" */ = {
			isa = XCRemoteSwiftPackageReference;
			repositoryURL = "https://github.com/junseopark0331/junseopark-AEOTPTextField.git";
			requirement = {
				branch = master;
				kind = branch;
			};
		};
		781BD27C2A7732DC00118B99 /* XCRemoteSwiftPackageReference "Moya" */ = {
			isa = XCRemoteSwiftPackageReference;
			repositoryURL = "https://github.com/Moya/Moya";
			requirement = {
				kind = upToNextMajorVersion;
				minimumVersion = 15.0.0;
			};
		};
		785BBEF02A25AB8800186DDA /* XCRemoteSwiftPackageReference "SnapKit" */ = {
			isa = XCRemoteSwiftPackageReference;
			repositoryURL = "https://github.com/SnapKit/SnapKit";
			requirement = {
				branch = develop;
				kind = branch;
			};
		};
		785BBEF32A25AB9500186DDA /* XCRemoteSwiftPackageReference "Then" */ = {
			isa = XCRemoteSwiftPackageReference;
			repositoryURL = "https://github.com/devxoul/Then";
			requirement = {
				branch = master;
				kind = branch;
			};
		};
		786799342A700EEB002E76B0 /* XCRemoteSwiftPackageReference "IQKeyboardManager" */ = {
			isa = XCRemoteSwiftPackageReference;
			repositoryURL = "https://github.com/hackiftekhar/IQKeyboardManager";
			requirement = {
				kind = upToNextMajorVersion;
				minimumVersion = 6.0.0;
			};
		};
		78848A8A2A343E06001588AA /* XCRemoteSwiftPackageReference "RxKeyboard" */ = {
			isa = XCRemoteSwiftPackageReference;
			repositoryURL = "https://github.com/RxSwiftCommunity/RxKeyboard";
			requirement = {
				kind = upToNextMajorVersion;
				minimumVersion = 2.0.0;
			};
		};
/* End XCRemoteSwiftPackageReference section */

/* Begin XCSwiftPackageProductDependency section */
		78015C4A2A30CAEA00737055 /* AEOTPTextField */ = {
			isa = XCSwiftPackageProductDependency;
			package = 78015C492A30CAEA00737055 /* XCRemoteSwiftPackageReference "junseopark-AEOTPTextField" */;
			productName = AEOTPTextField;
		};
		781BD27D2A7732DC00118B99 /* Moya */ = {
			isa = XCSwiftPackageProductDependency;
			package = 781BD27C2A7732DC00118B99 /* XCRemoteSwiftPackageReference "Moya" */;
			productName = Moya;
		};
		785BBEF12A25AB8800186DDA /* SnapKit */ = {
			isa = XCSwiftPackageProductDependency;
			package = 785BBEF02A25AB8800186DDA /* XCRemoteSwiftPackageReference "SnapKit" */;
			productName = SnapKit;
		};
		785BBEF42A25AB9600186DDA /* Then */ = {
			isa = XCSwiftPackageProductDependency;
			package = 785BBEF32A25AB9500186DDA /* XCRemoteSwiftPackageReference "Then" */;
			productName = Then;
		};
		786799352A700EEB002E76B0 /* IQKeyboardManagerSwift */ = {
			isa = XCSwiftPackageProductDependency;
			package = 786799342A700EEB002E76B0 /* XCRemoteSwiftPackageReference "IQKeyboardManager" */;
			productName = IQKeyboardManagerSwift;
		};
		78848A8B2A343E06001588AA /* RxKeyboard */ = {
			isa = XCSwiftPackageProductDependency;
			package = 78848A8A2A343E06001588AA /* XCRemoteSwiftPackageReference "RxKeyboard" */;
			productName = RxKeyboard;
		};
/* End XCSwiftPackageProductDependency section */
	};
	rootObject = 786DCB0529F81C9200228885 /* Project object */;
}
