// !$*UTF8*$!
{
	archiveVersion = 1;
	classes = {
	};
	objectVersion = 55;
	objects = {

/* Begin PBXBuildFile section */
		0383CACF33FBBA9153E2BDE4 /* EmailServices.swift in Sources */ = {isa = PBXBuildFile; fileRef = CB8B69C18E22337FE4143926 /* EmailServices.swift */; };
		08A7A5E542A7157815C5ED30 /* MainVC.swift in Sources */ = {isa = PBXBuildFile; fileRef = 485F19300BF38056ED48CB27 /* MainVC.swift */; };
		10EB0C14C3FEF16A918C9739 /* Pretendard-Medium.otf in Resources */ = {isa = PBXBuildFile; fileRef = 8D7062FF431475B3020FED47 /* Pretendard-Medium.otf */; };
		11879DA5841224AE48A0CCCA /* SceneDelegate.swift in Sources */ = {isa = PBXBuildFile; fileRef = 015F89B637132E408BC5793D /* SceneDelegate.swift */; };
		128199D54D451BF24D0ADD33 /* SecureTextField.swift in Sources */ = {isa = PBXBuildFile; fileRef = C60F85C8DA8F61E5BD0F78E4 /* SecureTextField.swift */; };
		166C04A89ED5BE2FBE6CCB9B /* Color.swift in Sources */ = {isa = PBXBuildFile; fileRef = 9673CA544C54A9ACA39220CF /* Color.swift */; };
		198764495588574E618F0D68 /* Idea-Archive++Bundle.swift in Sources */ = {isa = PBXBuildFile; fileRef = 11C19AF371E14D8D047CFE4F /* Idea-Archive++Bundle.swift */; };
		1C20D09BF8CB0DC13724D339 /* OTPTextField.swift in Sources */ = {isa = PBXBuildFile; fileRef = CFAE1310808C22597CB4F67E /* OTPTextField.swift */; };
		237410E00186E0107C7214FE /* AdditionalButton.swift in Sources */ = {isa = PBXBuildFile; fileRef = 2F94E817B2F86823F7312209 /* AdditionalButton.swift */; };
		24A0881AA702590A89158ADB /* Pretendard-Black.otf in Resources */ = {isa = PBXBuildFile; fileRef = B471B7D9D1FEFE4523466FBF /* Pretendard-Black.otf */; };
		25C281BBF1E1D1A57A244015 /* UIColor+HexColor.swift in Sources */ = {isa = PBXBuildFile; fileRef = 1C3F64FBE4F603BD4E489502 /* UIColor+HexColor.swift */; };
		2E8905AC9404DA68562E4733 /* AuthRequest.swift in Sources */ = {isa = PBXBuildFile; fileRef = FE64FC15E1DF942F6E2731A3 /* AuthRequest.swift */; };
		3115F05E0ACB0C7C45AFF930 /* UIButton+setImage.swift in Sources */ = {isa = PBXBuildFile; fileRef = B22D2F9BC0598E4FC9DBC420 /* UIButton+setImage.swift */; };
		36BCC8179EA86D5CC527B6C1 /* Pretendard-ExtraBold.otf in Resources */ = {isa = PBXBuildFile; fileRef = 44B5313C6E6CEFB58133E892 /* Pretendard-ExtraBold.otf */; };
		37F5A5992FA38BD487D8A5EB /* SignupUserInfoVC.swift in Sources */ = {isa = PBXBuildFile; fileRef = B2E9F3F3C7393B4B295D4077 /* SignupUserInfoVC.swift */; };
		3A91859F1A400EF47304BB51 /* NormalTextField.swift in Sources */ = {isa = PBXBuildFile; fileRef = FC2DE0D399848C0CAB4EE4C5 /* NormalTextField.swift */; };
		40704C786EC80DA9FB823945 /* Pretendard-Light.otf in Resources */ = {isa = PBXBuildFile; fileRef = 9B7AD0F71BE13A28CF5D856C /* Pretendard-Light.otf */; };
		4E5A055CC3F7CE41B9473134 /* MakeNewPasswordVC.swift in Sources */ = {isa = PBXBuildFile; fileRef = 34722F32AFE7CD019C340165 /* MakeNewPasswordVC.swift */; };
		4E9363FBA3D5BA51D021373C /* SmallTitleLabel.swift in Sources */ = {isa = PBXBuildFile; fileRef = C2D9015CD9416720514AF48D /* SmallTitleLabel.swift */; };
		4EF9586C567B67B48B6D9123 /* CertificationNumberVC.swift in Sources */ = {isa = PBXBuildFile; fileRef = 12704C54B185CC66E9F6471F /* CertificationNumberVC.swift */; };
		67E47DCDE2ACC5DE84C0AC07 /* BaseVC.swift in Sources */ = {isa = PBXBuildFile; fileRef = 7D6372A217C2D1BA1CDD0ECF /* BaseVC.swift */; };
		6D4BB16AC07F4F4A551E5F86 /* SuccessAuthVC.swift in Sources */ = {isa = PBXBuildFile; fileRef = 2FFF43B23711505D3979A219 /* SuccessAuthVC.swift */; };
		72A4E86EC5CB73B997F06197 /* UIView+addSubviews.swift in Sources */ = {isa = PBXBuildFile; fileRef = 6966230DD4803B596C5D027A /* UIView+addSubviews.swift */; };
		7461290A4B2C28F92A8FE0E1 /* Pretendard-ExtraLight.otf in Resources */ = {isa = PBXBuildFile; fileRef = EFAC875880F977FD4BA5DBB3 /* Pretendard-ExtraLight.otf */; };
		74C9356166163F1CF9968547 /* FindPasswordVC.swift in Sources */ = {isa = PBXBuildFile; fileRef = E7D212929C1CCFE9EF5B75F0 /* FindPasswordVC.swift */; };
		750E140D8E01AB78E8052615 /* Pretendard-Thin.otf in Resources */ = {isa = PBXBuildFile; fileRef = 8C4445BC200D32E99C47B667 /* Pretendard-Thin.otf */; };
		7D2D7D3701E1447415751A45 /* AppDelegate.swift in Sources */ = {isa = PBXBuildFile; fileRef = 18F6E351BE5FF50D2A61F09A /* AppDelegate.swift */; };
		7F93E95314ED79137F496B0F /* AEOTPTextField in Frameworks */ = {isa = PBXBuildFile; productRef = 152B14AB42E4A4AA0CDE1871 /* AEOTPTextField */; };
		817ACF71D5899F99641B9AEB /* AuthServices.swift in Sources */ = {isa = PBXBuildFile; fileRef = 5399DEA07746F878F754349B /* AuthServices.swift */; };
		82EFB989D96E45AC0CD20447 /* MajorCollectionViewiCell.swift in Sources */ = {isa = PBXBuildFile; fileRef = 75E8F1921AE814CA7CC394C9 /* MajorCollectionViewiCell.swift */; };
		82FCA19A2991498115F77AFB /* IQKeyboardManagerSwift in Frameworks */ = {isa = PBXBuildFile; productRef = 6A958B74F9BBB754FAA3B358 /* IQKeyboardManagerSwift */; };
		841937DD459FEE8EEF5C5498 /* SnapKit in Frameworks */ = {isa = PBXBuildFile; productRef = EC93BFFA0E1F7685F4A35C30 /* SnapKit */; };
		8ED6DA05FEBBECF07A7EA370 /* Assets.xcassets in Resources */ = {isa = PBXBuildFile; fileRef = 73A35CAAA3B02ADB95AA8D18 /* Assets.xcassets */; };
		A49CFB6814F9AB05D489F77D /* RxKeyboard in Frameworks */ = {isa = PBXBuildFile; productRef = D09D6D01F8C7EFA0ACEC3355 /* RxKeyboard */; };
		A67C578D893D78740E935D44 /* Pretendard-Bold.otf in Resources */ = {isa = PBXBuildFile; fileRef = BFEB1A2D488683E2F29ADF4B /* Pretendard-Bold.otf */; };
		AF527DED6310CF5E4CA7B3AE /* NextStepButton.swift in Sources */ = {isa = PBXBuildFile; fileRef = 84A5151FB4DB77807786B675 /* NextStepButton.swift */; };
		B35617A9C9DDB48A0C976F77 /* LaunchScreen.storyboard in Resources */ = {isa = PBXBuildFile; fileRef = DDDB5B64664D1C04668FB0BD /* LaunchScreen.storyboard */; };
		B3A3ACBE9021B2694BD5FC62 /* KeyChainManager.swift in Sources */ = {isa = PBXBuildFile; fileRef = C5E9964B0EB74537D35C8128 /* KeyChainManager.swift */; };
		B8586F8CB7531BC497A612AB /* UITextField+setPlaceholderColor.swift in Sources */ = {isa = PBXBuildFile; fileRef = A4126A30ED97CF3DC51BEDF5 /* UITextField+setPlaceholderColor.swift */; };
		B8AFE9F5D4729F7E6FF22BA6 /* Font.swift in Sources */ = {isa = PBXBuildFile; fileRef = 6C67D51A8D9E5CA6CD063DB3 /* Font.swift */; };
		B9F829BB7D1C164D011D9927 /* Then in Frameworks */ = {isa = PBXBuildFile; productRef = AD4978E1621D96CEA9DBC708 /* Then */; };
		BBA1D639406AB34444B31467 /* BaseURL.swift in Sources */ = {isa = PBXBuildFile; fileRef = 0B8C4B24CC0622E24607B2F6 /* BaseURL.swift */; };
		C87C83FCFEB1B6A49E133A5A /* Auth.swift in Sources */ = {isa = PBXBuildFile; fileRef = 9DB0CEFBD097EE908FC58D9A /* Auth.swift */; };
		CA51E464115C8BF35C4E9E3F /* LoginVC.swift in Sources */ = {isa = PBXBuildFile; fileRef = 98EEF179A8950045E9D3CD1C /* LoginVC.swift */; };
		CA54AC8D2B8CFCBFD2BCFFF3 /* UITextFieldDelegate.swift in Sources */ = {isa = PBXBuildFile; fileRef = A7FC3A37BEFE935E025A8FEF /* UITextFieldDelegate.swift */; };
		CBEC86B98A1C798DA08A82D5 /* LargeTitleLabel.swift in Sources */ = {isa = PBXBuildFile; fileRef = 8CB2B675D7476347281A2168 /* LargeTitleLabel.swift */; };
		D049A09E2AC7993B00FE7464 /* WriteArticleRequest.swift in Sources */ = {isa = PBXBuildFile; fileRef = D049A09D2AC7993B00FE7464 /* WriteArticleRequest.swift */; };
		D049A0A22AC79E0200FE7464 /* VieqDetailsRequest.swift in Sources */ = {isa = PBXBuildFile; fileRef = D049A0A12AC79E0200FE7464 /* VieqDetailsRequest.swift */; };
		D049A0A42AC79F8300FE7464 /* ModifyArticleRequest.swift in Sources */ = {isa = PBXBuildFile; fileRef = D049A0A32AC79F8300FE7464 /* ModifyArticleRequest.swift */; };
		D049A0A62AC7A0DA00FE7464 /* DeleteArticleRequest.swift in Sources */ = {isa = PBXBuildFile; fileRef = D049A0A52AC7A0DA00FE7464 /* DeleteArticleRequest.swift */; };
		D049A0A92AC7A21A00FE7464 /* SearchArticleRequest.swift in Sources */ = {isa = PBXBuildFile; fileRef = D049A0A82AC7A21A00FE7464 /* SearchArticleRequest.swift */; };
		D049A0AC2AC7A2F700FE7464 /* CategoryViewPostRequest.swift in Sources */ = {isa = PBXBuildFile; fileRef = D049A0AB2AC7A2F700FE7464 /* CategoryViewPostRequest.swift */; };
		D0CCC9762AC03A9200EE9F64 /* MajorsLabel.swift in Sources */ = {isa = PBXBuildFile; fileRef = D0CCC9752AC03A9200EE9F64 /* MajorsLabel.swift */; };
		D1C31EB4858EC0D240409248 /* SignupUserInfoVM.swift in Sources */ = {isa = PBXBuildFile; fileRef = EC252EC944EA77629480B3EC /* SignupUserInfoVM.swift */; };
		D3FDAE2EAFD61EE97BA11DAE /* FailAuthVC.swift in Sources */ = {isa = PBXBuildFile; fileRef = BBDD167FBFFE149E30A824D1 /* FailAuthVC.swift */; };
		D5F4766131D651BDF3B6EC6B /* Moya in Frameworks */ = {isa = PBXBuildFile; productRef = 1E220EBDBCC0364F59C428C7 /* Moya */; };
		D8D90E57F07337F279903419 /* LoginVM.swift in Sources */ = {isa = PBXBuildFile; fileRef = 7A05028CE6DB81CF58813474 /* LoginVM.swift */; };
		E64B156484623581A978A530 /* CertificationVM.swift in Sources */ = {isa = PBXBuildFile; fileRef = AC6D4EBF31FD543166451777 /* CertificationVM.swift */; };
		E6CB3F0D72B4DC1F316E17A9 /* EmailRequest.swift in Sources */ = {isa = PBXBuildFile; fileRef = 6D7EFED76D76AD88738160E1 /* EmailRequest.swift */; };
		E95C2B904656809BD18FB855 /* TuistBundle+IdeaArchive.swift in Sources */ = {isa = PBXBuildFile; fileRef = 3F37DE8244F06D77EAFCD152 /* TuistBundle+IdeaArchive.swift */; };
		ED579A52BDED8344FD7A5E45 /* Pretendard-Regular.otf in Resources */ = {isa = PBXBuildFile; fileRef = 29B58F9135766D6402E19BFA /* Pretendard-Regular.otf */; };
		EF1A38578DF83A332A01269A /* Pretendard-SemiBold.otf in Resources */ = {isa = PBXBuildFile; fileRef = AC04BFA627E622C8D18DE62A /* Pretendard-SemiBold.otf */; };
		FFAC33C9A4148C5F52241BBA /* TitleLabel.swift in Sources */ = {isa = PBXBuildFile; fileRef = B95643DF198C9A1858A872C6 /* TitleLabel.swift */; };
/* End PBXBuildFile section */

/* Begin PBXCopyFilesBuildPhase section */
		D2858ED41527F07BCC86CF8F /* Embed Frameworks */ = {
			isa = PBXCopyFilesBuildPhase;
			buildActionMask = 2147483647;
			dstPath = "";
			dstSubfolderSpec = 10;
			files = (
			);
			name = "Embed Frameworks";
			runOnlyForDeploymentPostprocessing = 0;
		};
/* End PBXCopyFilesBuildPhase section */

/* Begin PBXFileReference section */
		015F89B637132E408BC5793D /* SceneDelegate.swift */ = {isa = PBXFileReference; lastKnownFileType = sourcecode.swift; path = SceneDelegate.swift; sourceTree = "<group>"; };
		0B8C4B24CC0622E24607B2F6 /* BaseURL.swift */ = {isa = PBXFileReference; lastKnownFileType = sourcecode.swift; path = BaseURL.swift; sourceTree = "<group>"; };
		11C19AF371E14D8D047CFE4F /* Idea-Archive++Bundle.swift */ = {isa = PBXFileReference; lastKnownFileType = sourcecode.swift; path = "Idea-Archive++Bundle.swift"; sourceTree = "<group>"; };
		12704C54B185CC66E9F6471F /* CertificationNumberVC.swift */ = {isa = PBXFileReference; lastKnownFileType = sourcecode.swift; path = CertificationNumberVC.swift; sourceTree = "<group>"; };
		18F6E351BE5FF50D2A61F09A /* AppDelegate.swift */ = {isa = PBXFileReference; lastKnownFileType = sourcecode.swift; path = AppDelegate.swift; sourceTree = "<group>"; };
		1C3F64FBE4F603BD4E489502 /* UIColor+HexColor.swift */ = {isa = PBXFileReference; lastKnownFileType = sourcecode.swift; path = "UIColor+HexColor.swift"; sourceTree = "<group>"; };
		29B58F9135766D6402E19BFA /* Pretendard-Regular.otf */ = {isa = PBXFileReference; lastKnownFileType = file; path = "Pretendard-Regular.otf"; sourceTree = "<group>"; };
		2F94E817B2F86823F7312209 /* AdditionalButton.swift */ = {isa = PBXFileReference; lastKnownFileType = sourcecode.swift; path = AdditionalButton.swift; sourceTree = "<group>"; };
		2FFF43B23711505D3979A219 /* SuccessAuthVC.swift */ = {isa = PBXFileReference; lastKnownFileType = sourcecode.swift; path = SuccessAuthVC.swift; sourceTree = "<group>"; };
		34722F32AFE7CD019C340165 /* MakeNewPasswordVC.swift */ = {isa = PBXFileReference; lastKnownFileType = sourcecode.swift; path = MakeNewPasswordVC.swift; sourceTree = "<group>"; };
		3F37DE8244F06D77EAFCD152 /* TuistBundle+IdeaArchive.swift */ = {isa = PBXFileReference; lastKnownFileType = sourcecode.swift; path = "TuistBundle+IdeaArchive.swift"; sourceTree = "<group>"; };
		44B5313C6E6CEFB58133E892 /* Pretendard-ExtraBold.otf */ = {isa = PBXFileReference; lastKnownFileType = file; path = "Pretendard-ExtraBold.otf"; sourceTree = "<group>"; };
		485F19300BF38056ED48CB27 /* MainVC.swift */ = {isa = PBXFileReference; lastKnownFileType = sourcecode.swift; path = MainVC.swift; sourceTree = "<group>"; };
		5399DEA07746F878F754349B /* AuthServices.swift */ = {isa = PBXFileReference; lastKnownFileType = sourcecode.swift; path = AuthServices.swift; sourceTree = "<group>"; };
		688E020F3082A96DA3089D19 /* Idea_Archive.app */ = {isa = PBXFileReference; explicitFileType = wrapper.application; includeInIndex = 0; path = Idea_Archive.app; sourceTree = BUILT_PRODUCTS_DIR; };
		6966230DD4803B596C5D027A /* UIView+addSubviews.swift */ = {isa = PBXFileReference; lastKnownFileType = sourcecode.swift; path = "UIView+addSubviews.swift"; sourceTree = "<group>"; };
		6C67D51A8D9E5CA6CD063DB3 /* Font.swift */ = {isa = PBXFileReference; lastKnownFileType = sourcecode.swift; path = Font.swift; sourceTree = "<group>"; };
		6D7EFED76D76AD88738160E1 /* EmailRequest.swift */ = {isa = PBXFileReference; lastKnownFileType = sourcecode.swift; path = EmailRequest.swift; sourceTree = "<group>"; };
		73A35CAAA3B02ADB95AA8D18 /* Assets.xcassets */ = {isa = PBXFileReference; lastKnownFileType = folder.assetcatalog; path = Assets.xcassets; sourceTree = "<group>"; };
		75E8F1921AE814CA7CC394C9 /* MajorCollectionViewiCell.swift */ = {isa = PBXFileReference; lastKnownFileType = sourcecode.swift; path = MajorCollectionViewiCell.swift; sourceTree = "<group>"; };
		7A05028CE6DB81CF58813474 /* LoginVM.swift */ = {isa = PBXFileReference; lastKnownFileType = sourcecode.swift; path = LoginVM.swift; sourceTree = "<group>"; };
		7D6372A217C2D1BA1CDD0ECF /* BaseVC.swift */ = {isa = PBXFileReference; lastKnownFileType = sourcecode.swift; path = BaseVC.swift; sourceTree = "<group>"; };
		84A5151FB4DB77807786B675 /* NextStepButton.swift */ = {isa = PBXFileReference; lastKnownFileType = sourcecode.swift; path = NextStepButton.swift; sourceTree = "<group>"; };
		866E4DD49CF8C83045128727 /* Base */ = {isa = PBXFileReference; lastKnownFileType = file.storyboard; name = Base; path = Base.lproj/LaunchScreen.storyboard; sourceTree = "<group>"; };
		8C4445BC200D32E99C47B667 /* Pretendard-Thin.otf */ = {isa = PBXFileReference; lastKnownFileType = file; path = "Pretendard-Thin.otf"; sourceTree = "<group>"; };
		8CB2B675D7476347281A2168 /* LargeTitleLabel.swift */ = {isa = PBXFileReference; lastKnownFileType = sourcecode.swift; path = LargeTitleLabel.swift; sourceTree = "<group>"; };
		8D7062FF431475B3020FED47 /* Pretendard-Medium.otf */ = {isa = PBXFileReference; lastKnownFileType = file; path = "Pretendard-Medium.otf"; sourceTree = "<group>"; };
		9673CA544C54A9ACA39220CF /* Color.swift */ = {isa = PBXFileReference; lastKnownFileType = sourcecode.swift; path = Color.swift; sourceTree = "<group>"; };
		98EEF179A8950045E9D3CD1C /* LoginVC.swift */ = {isa = PBXFileReference; lastKnownFileType = sourcecode.swift; path = LoginVC.swift; sourceTree = "<group>"; };
		9B7AD0F71BE13A28CF5D856C /* Pretendard-Light.otf */ = {isa = PBXFileReference; lastKnownFileType = file; path = "Pretendard-Light.otf"; sourceTree = "<group>"; };
		9DB0CEFBD097EE908FC58D9A /* Auth.swift */ = {isa = PBXFileReference; lastKnownFileType = sourcecode.swift; path = Auth.swift; sourceTree = "<group>"; };
		A4126A30ED97CF3DC51BEDF5 /* UITextField+setPlaceholderColor.swift */ = {isa = PBXFileReference; lastKnownFileType = sourcecode.swift; path = "UITextField+setPlaceholderColor.swift"; sourceTree = "<group>"; };
		A7FC3A37BEFE935E025A8FEF /* UITextFieldDelegate.swift */ = {isa = PBXFileReference; lastKnownFileType = sourcecode.swift; path = UITextFieldDelegate.swift; sourceTree = "<group>"; };
		AC04BFA627E622C8D18DE62A /* Pretendard-SemiBold.otf */ = {isa = PBXFileReference; lastKnownFileType = file; path = "Pretendard-SemiBold.otf"; sourceTree = "<group>"; };
		AC6D4EBF31FD543166451777 /* CertificationVM.swift */ = {isa = PBXFileReference; lastKnownFileType = sourcecode.swift; path = CertificationVM.swift; sourceTree = "<group>"; };
		B22D2F9BC0598E4FC9DBC420 /* UIButton+setImage.swift */ = {isa = PBXFileReference; lastKnownFileType = sourcecode.swift; path = "UIButton+setImage.swift"; sourceTree = "<group>"; };
		B2E9F3F3C7393B4B295D4077 /* SignupUserInfoVC.swift */ = {isa = PBXFileReference; lastKnownFileType = sourcecode.swift; path = SignupUserInfoVC.swift; sourceTree = "<group>"; };
		B471B7D9D1FEFE4523466FBF /* Pretendard-Black.otf */ = {isa = PBXFileReference; lastKnownFileType = file; path = "Pretendard-Black.otf"; sourceTree = "<group>"; };
		B95643DF198C9A1858A872C6 /* TitleLabel.swift */ = {isa = PBXFileReference; lastKnownFileType = sourcecode.swift; path = TitleLabel.swift; sourceTree = "<group>"; };
		BBDD167FBFFE149E30A824D1 /* FailAuthVC.swift */ = {isa = PBXFileReference; lastKnownFileType = sourcecode.swift; path = FailAuthVC.swift; sourceTree = "<group>"; };
		BFEB1A2D488683E2F29ADF4B /* Pretendard-Bold.otf */ = {isa = PBXFileReference; lastKnownFileType = file; path = "Pretendard-Bold.otf"; sourceTree = "<group>"; };
		C2D9015CD9416720514AF48D /* SmallTitleLabel.swift */ = {isa = PBXFileReference; lastKnownFileType = sourcecode.swift; path = SmallTitleLabel.swift; sourceTree = "<group>"; };
		C5E9964B0EB74537D35C8128 /* KeyChainManager.swift */ = {isa = PBXFileReference; lastKnownFileType = sourcecode.swift; path = KeyChainManager.swift; sourceTree = "<group>"; };
		C60F85C8DA8F61E5BD0F78E4 /* SecureTextField.swift */ = {isa = PBXFileReference; lastKnownFileType = sourcecode.swift; path = SecureTextField.swift; sourceTree = "<group>"; };
		CB8B69C18E22337FE4143926 /* EmailServices.swift */ = {isa = PBXFileReference; lastKnownFileType = sourcecode.swift; path = EmailServices.swift; sourceTree = "<group>"; };
		CFAE1310808C22597CB4F67E /* OTPTextField.swift */ = {isa = PBXFileReference; lastKnownFileType = sourcecode.swift; path = OTPTextField.swift; sourceTree = "<group>"; };
		D049A09D2AC7993B00FE7464 /* WriteArticleRequest.swift */ = {isa = PBXFileReference; lastKnownFileType = sourcecode.swift; path = WriteArticleRequest.swift; sourceTree = "<group>"; };
		D049A0A12AC79E0200FE7464 /* VieqDetailsRequest.swift */ = {isa = PBXFileReference; lastKnownFileType = sourcecode.swift; path = VieqDetailsRequest.swift; sourceTree = "<group>"; };
		D049A0A32AC79F8300FE7464 /* ModifyArticleRequest.swift */ = {isa = PBXFileReference; lastKnownFileType = sourcecode.swift; path = ModifyArticleRequest.swift; sourceTree = "<group>"; };
		D049A0A52AC7A0DA00FE7464 /* DeleteArticleRequest.swift */ = {isa = PBXFileReference; lastKnownFileType = sourcecode.swift; path = DeleteArticleRequest.swift; sourceTree = "<group>"; };
		D049A0A82AC7A21A00FE7464 /* SearchArticleRequest.swift */ = {isa = PBXFileReference; lastKnownFileType = sourcecode.swift; path = SearchArticleRequest.swift; sourceTree = "<group>"; };
		D049A0AB2AC7A2F700FE7464 /* CategoryViewPostRequest.swift */ = {isa = PBXFileReference; lastKnownFileType = sourcecode.swift; path = CategoryViewPostRequest.swift; sourceTree = "<group>"; };
		D0CCC9752AC03A9200EE9F64 /* MajorsLabel.swift */ = {isa = PBXFileReference; lastKnownFileType = sourcecode.swift; path = MajorsLabel.swift; sourceTree = "<group>"; };
		E7D212929C1CCFE9EF5B75F0 /* FindPasswordVC.swift */ = {isa = PBXFileReference; lastKnownFileType = sourcecode.swift; path = FindPasswordVC.swift; sourceTree = "<group>"; };
		EC252EC944EA77629480B3EC /* SignupUserInfoVM.swift */ = {isa = PBXFileReference; lastKnownFileType = sourcecode.swift; path = SignupUserInfoVM.swift; sourceTree = "<group>"; };
		EFAC875880F977FD4BA5DBB3 /* Pretendard-ExtraLight.otf */ = {isa = PBXFileReference; lastKnownFileType = file; path = "Pretendard-ExtraLight.otf"; sourceTree = "<group>"; };
		FC2DE0D399848C0CAB4EE4C5 /* NormalTextField.swift */ = {isa = PBXFileReference; lastKnownFileType = sourcecode.swift; path = NormalTextField.swift; sourceTree = "<group>"; };
		FE64FC15E1DF942F6E2731A3 /* AuthRequest.swift */ = {isa = PBXFileReference; lastKnownFileType = sourcecode.swift; path = AuthRequest.swift; sourceTree = "<group>"; };
		FF53AA69729EAB96614CC44E /* Info.plist */ = {isa = PBXFileReference; lastKnownFileType = text.plist; path = Info.plist; sourceTree = "<group>"; };
/* End PBXFileReference section */

/* Begin PBXFrameworksBuildPhase section */
		2A942000E63EF80B4A488F43 /* Frameworks */ = {
			isa = PBXFrameworksBuildPhase;
			buildActionMask = 2147483647;
			files = (
				82FCA19A2991498115F77AFB /* IQKeyboardManagerSwift in Frameworks */,
				841937DD459FEE8EEF5C5498 /* SnapKit in Frameworks */,
				D5F4766131D651BDF3B6EC6B /* Moya in Frameworks */,
				A49CFB6814F9AB05D489F77D /* RxKeyboard in Frameworks */,
				B9F829BB7D1C164D011D9927 /* Then in Frameworks */,
				7F93E95314ED79137F496B0F /* AEOTPTextField in Frameworks */,
			);
			runOnlyForDeploymentPostprocessing = 0;
		};
/* End PBXFrameworksBuildPhase section */

/* Begin PBXGroup section */
		02220CC744552A5F1DC5E561 /* Application */ = {
			isa = PBXGroup;
			children = (
				18F6E351BE5FF50D2A61F09A /* AppDelegate.swift */,
				015F89B637132E408BC5793D /* SceneDelegate.swift */,
			);
			path = Application;
			sourceTree = "<group>";
		};
		027F25C972300203FDF4BF3A /* Font */ = {
			isa = PBXGroup;
			children = (
				6C67D51A8D9E5CA6CD063DB3 /* Font.swift */,
			);
			path = Font;
			sourceTree = "<group>";
		};
		03E48A9A1452F0CBC4848A6E /* UIButton */ = {
			isa = PBXGroup;
			children = (
				B22D2F9BC0598E4FC9DBC420 /* UIButton+setImage.swift */,
			);
			path = UIButton;
			sourceTree = "<group>";
		};
		0E614796FBB80FC7B974FFA6 /* Auth */ = {
			isa = PBXGroup;
			children = (
				9DB0CEFBD097EE908FC58D9A /* Auth.swift */,
			);
			path = Auth;
			sourceTree = "<group>";
		};
		122B6E7DF06947BF8C79524B /* Data */ = {
			isa = PBXGroup;
			children = (
				B0633F23E2B9A9885FE9F057 /* General */,
				3B687B9EAD2A51CE4EFBE867 /* Model */,
				775E3E0D73AD887F29640162 /* Request */,
				A49B70FD3A9D6DA0EAB90830 /* Services */,
			);
			path = Data;
			sourceTree = "<group>";
		};
		1249A10B02AA8081E66034B3 /* Launch */ = {
			isa = PBXGroup;
			children = (
				DDDB5B64664D1C04668FB0BD /* LaunchScreen.storyboard */,
			);
			path = Launch;
			sourceTree = "<group>";
		};
		1F2837C23E3254221546C301 /* ViewModel */ = {
			isa = PBXGroup;
			children = (
				7A05028CE6DB81CF58813474 /* LoginVM.swift */,
			);
			path = ViewModel;
			sourceTree = "<group>";
		};
		239FFD9242808413DBD16EC4 /* ViewModel */ = {
			isa = PBXGroup;
			children = (
				EC252EC944EA77629480B3EC /* SignupUserInfoVM.swift */,
			);
			path = ViewModel;
			sourceTree = "<group>";
		};
		2D359311E6AE4A6500ED682D /* Sources */ = {
			isa = PBXGroup;
			children = (
				9274428967E6184F1EA4012A /* Button */,
				634669F47199C7EFF902E4C1 /* Color */,
				027F25C972300203FDF4BF3A /* Font */,
				B4A985FF6121F5D179216AA6 /* Label */,
				F6440D181A05F9D76099CC07 /* TextField */,
			);
			path = Sources;
			sourceTree = "<group>";
		};
		2E69CF237F476B102365E7EE /* Pretendard */ = {
			isa = PBXGroup;
			children = (
				B471B7D9D1FEFE4523466FBF /* Pretendard-Black.otf */,
				BFEB1A2D488683E2F29ADF4B /* Pretendard-Bold.otf */,
				44B5313C6E6CEFB58133E892 /* Pretendard-ExtraBold.otf */,
				EFAC875880F977FD4BA5DBB3 /* Pretendard-ExtraLight.otf */,
				9B7AD0F71BE13A28CF5D856C /* Pretendard-Light.otf */,
				8D7062FF431475B3020FED47 /* Pretendard-Medium.otf */,
				29B58F9135766D6402E19BFA /* Pretendard-Regular.otf */,
				AC04BFA627E622C8D18DE62A /* Pretendard-SemiBold.otf */,
				8C4445BC200D32E99C47B667 /* Pretendard-Thin.otf */,
			);
			path = Pretendard;
			sourceTree = "<group>";
		};
		34D395C3E10381B860063301 /* Sources */ = {
			isa = PBXGroup;
			children = (
				3F37DE8244F06D77EAFCD152 /* TuistBundle+IdeaArchive.swift */,
			);
			path = Sources;
			sourceTree = "<group>";
		};
		3745CC0184B2F85018562455 /* Auth */ = {
			isa = PBXGroup;
			children = (
				5399DEA07746F878F754349B /* AuthServices.swift */,
			);
			path = Auth;
			sourceTree = "<group>";
		};
		3B687B9EAD2A51CE4EFBE867 /* Model */ = {
			isa = PBXGroup;
			children = (
				0E614796FBB80FC7B974FFA6 /* Auth */,
				DD8B5B57E35E2A4E3715532B /* KeyChain */,
			);
			path = Model;
			sourceTree = "<group>";
		};
		3D98114328CC133965BD7809 /* Frameworks */ = {
			isa = PBXGroup;
			children = (
			);
			name = Frameworks;
			sourceTree = "<group>";
		};
		4AC07AB136D46B01DD72BE5C /* Cell */ = {
			isa = PBXGroup;
			children = (
				75E8F1921AE814CA7CC394C9 /* MajorCollectionViewiCell.swift */,
			);
			path = Cell;
			sourceTree = "<group>";
		};
		5F8ECE4F6E8DFDE66B318F00 /* Email */ = {
			isa = PBXGroup;
			children = (
				CB8B69C18E22337FE4143926 /* EmailServices.swift */,
			);
			path = Email;
			sourceTree = "<group>";
		};
		634669F47199C7EFF902E4C1 /* Color */ = {
			isa = PBXGroup;
			children = (
				9673CA544C54A9ACA39220CF /* Color.swift */,
			);
			path = Color;
			sourceTree = "<group>";
		};
		662AE1BBB879A44952438374 /* UIView */ = {
			isa = PBXGroup;
			children = (
				6966230DD4803B596C5D027A /* UIView+addSubviews.swift */,
			);
			path = UIView;
			sourceTree = "<group>";
		};
		67A2471C141EF0714241089D /* SignupResult */ = {
			isa = PBXGroup;
			children = (
				BBDD167FBFFE149E30A824D1 /* FailAuthVC.swift */,
				2FFF43B23711505D3979A219 /* SuccessAuthVC.swift */,
			);
			path = SignupResult;
			sourceTree = "<group>";
		};
		699F16C27D85F3646FF4A32E /* Products */ = {
			isa = PBXGroup;
			children = (
				688E020F3082A96DA3089D19 /* Idea_Archive.app */,
			);
			name = Products;
			sourceTree = "<group>";
		};
		6C68E7D1BC1E1C3BABAE7B9E /* SignupUserInfo */ = {
			isa = PBXGroup;
			children = (
				BF82DF2815A2350A99CA29D9 /* View */,
				239FFD9242808413DBD16EC4 /* ViewModel */,
			);
			path = SignupUserInfo;
			sourceTree = "<group>";
		};
		6C7F6139AE04AAFE7921123C /* Main */ = {
			isa = PBXGroup;
			children = (
				4AC07AB136D46B01DD72BE5C /* Cell */,
				C288ABB43AA30C0E288554F5 /* View */,
			);
			path = Main;
			sourceTree = "<group>";
		};
		6D0DF452828EAB03139B1667 /* DesignSystem */ = {
			isa = PBXGroup;
			children = (
				2D359311E6AE4A6500ED682D /* Sources */,
			);
			path = DesignSystem;
			sourceTree = "<group>";
		};
		6E378206DD7F07A0C3C88898 /* CertificationNumber */ = {
			isa = PBXGroup;
			children = (
				DB47A17ADBBAA0A70B91629A /* View */,
				CE3E51840CD3F459DCE42C74 /* ViewModel */,
			);
			path = CertificationNumber;
			sourceTree = "<group>";
		};
		775E3E0D73AD887F29640162 /* Request */ = {
			isa = PBXGroup;
			children = (
				D049A09C2AC7991F00FE7464 /* Post */,
				EC164B65AEDFC2F2E9AB2B46 /* Auth */,
				F9260E010A7B8260B3067BAE /* Email */,
			);
			path = Request;
			sourceTree = "<group>";
		};
		780459B844D1DE26A9A484DC /* Derived */ = {
			isa = PBXGroup;
			children = (
				34D395C3E10381B860063301 /* Sources */,
			);
			path = Derived;
			sourceTree = "<group>";
		};
		8DFA218B745393B562B4E3B6 /* Base */ = {
			isa = PBXGroup;
			children = (
				7D6372A217C2D1BA1CDD0ECF /* BaseVC.swift */,
			);
			path = Base;
			sourceTree = "<group>";
		};
		9274428967E6184F1EA4012A /* Button */ = {
			isa = PBXGroup;
			children = (
				2F94E817B2F86823F7312209 /* AdditionalButton.swift */,
				84A5151FB4DB77807786B675 /* NextStepButton.swift */,
			);
			path = Button;
			sourceTree = "<group>";
		};
		956935FF8F0DBE8D318B3D3B /* View */ = {
			isa = PBXGroup;
			children = (
				98EEF179A8950045E9D3CD1C /* LoginVC.swift */,
			);
			path = View;
			sourceTree = "<group>";
		};
		9EC5CCF4BB0D27D79E9F683B /* Support */ = {
			isa = PBXGroup;
			children = (
				FF53AA69729EAB96614CC44E /* Info.plist */,
			);
			path = Support;
			sourceTree = "<group>";
		};
		A1FC39810F29D4C2388732FF = {
			isa = PBXGroup;
			children = (
				B46121F78E686EFE137DF804 /* Project */,
				3D98114328CC133965BD7809 /* Frameworks */,
				699F16C27D85F3646FF4A32E /* Products */,
			);
			sourceTree = "<group>";
		};
		A49B70FD3A9D6DA0EAB90830 /* Services */ = {
			isa = PBXGroup;
			children = (
				3745CC0184B2F85018562455 /* Auth */,
				5F8ECE4F6E8DFDE66B318F00 /* Email */,
			);
			path = Services;
			sourceTree = "<group>";
		};
		B0633F23E2B9A9885FE9F057 /* General */ = {
			isa = PBXGroup;
			children = (
				0B8C4B24CC0622E24607B2F6 /* BaseURL.swift */,
				11C19AF371E14D8D047CFE4F /* Idea-Archive++Bundle.swift */,
			);
			path = General;
			sourceTree = "<group>";
		};
		B1BC1C4432334625913BF8D4 /* Login */ = {
			isa = PBXGroup;
			children = (
				956935FF8F0DBE8D318B3D3B /* View */,
				1F2837C23E3254221546C301 /* ViewModel */,
			);
			path = Login;
			sourceTree = "<group>";
		};
		B46121F78E686EFE137DF804 /* Project */ = {
			isa = PBXGroup;
			children = (
				780459B844D1DE26A9A484DC /* Derived */,
				FC3DD23A5C19E946E7B9F95B /* Idea-Archive */,
			);
			name = Project;
			sourceTree = "<group>";
		};
		B4A985FF6121F5D179216AA6 /* Label */ = {
			isa = PBXGroup;
			children = (
				D0CCC9752AC03A9200EE9F64 /* MajorsLabel.swift */,
				8CB2B675D7476347281A2168 /* LargeTitleLabel.swift */,
				C2D9015CD9416720514AF48D /* SmallTitleLabel.swift */,
				B95643DF198C9A1858A872C6 /* TitleLabel.swift */,
			);
			path = Label;
			sourceTree = "<group>";
		};
		B7A31EB6B93062F22542E593 /* Assets */ = {
			isa = PBXGroup;
			children = (
				73A35CAAA3B02ADB95AA8D18 /* Assets.xcassets */,
			);
			path = Assets;
			sourceTree = "<group>";
		};
		BF82DF2815A2350A99CA29D9 /* View */ = {
			isa = PBXGroup;
			children = (
				B2E9F3F3C7393B4B295D4077 /* SignupUserInfoVC.swift */,
			);
			path = View;
			sourceTree = "<group>";
		};
		C288ABB43AA30C0E288554F5 /* View */ = {
			isa = PBXGroup;
			children = (
				485F19300BF38056ED48CB27 /* MainVC.swift */,
			);
			path = View;
			sourceTree = "<group>";
		};
		C43461F90383F2B3155C5257 /* Fonts */ = {
			isa = PBXGroup;
			children = (
				2E69CF237F476B102365E7EE /* Pretendard */,
			);
			path = Fonts;
			sourceTree = "<group>";
		};
		C454D4EE94E945E0E8665F08 /* Sources */ = {
			isa = PBXGroup;
			children = (
				02220CC744552A5F1DC5E561 /* Application */,
				122B6E7DF06947BF8C79524B /* Data */,
				6D0DF452828EAB03139B1667 /* DesignSystem */,
				EC2B5BD2039A848D822EF3AB /* Presentation */,
				E631DD33EC05E0A0A9963326 /* Utility */,
			);
			path = Sources;
			sourceTree = "<group>";
		};
		CE3E51840CD3F459DCE42C74 /* ViewModel */ = {
			isa = PBXGroup;
			children = (
				AC6D4EBF31FD543166451777 /* CertificationVM.swift */,
			);
			path = ViewModel;
			sourceTree = "<group>";
		};
		CF16172691FA8106D0676C73 /* Resources */ = {
			isa = PBXGroup;
			children = (
				B7A31EB6B93062F22542E593 /* Assets */,
				C43461F90383F2B3155C5257 /* Fonts */,
				1249A10B02AA8081E66034B3 /* Launch */,
			);
			path = Resources;
			sourceTree = "<group>";
		};
		D049A09C2AC7991F00FE7464 /* Post */ = {
			isa = PBXGroup;
			children = (
				D049A0AA2AC7A2D200FE7464 /* Category */,
				D049A0A72AC7A1FB00FE7464 /* Search */,
				D049A0A02AC79A9500FE7464 /* PostId */,
				D049A09F2AC79A3400FE7464 /* Write */,
			);
			path = Post;
			sourceTree = "<group>";
		};
		D049A09F2AC79A3400FE7464 /* Write */ = {
			isa = PBXGroup;
			children = (
				D049A09D2AC7993B00FE7464 /* WriteArticleRequest.swift */,
			);
			path = Write;
			sourceTree = "<group>";
		};
		D049A0A02AC79A9500FE7464 /* PostId */ = {
			isa = PBXGroup;
			children = (
				D049A0A12AC79E0200FE7464 /* VieqDetailsRequest.swift */,
				D049A0A32AC79F8300FE7464 /* ModifyArticleRequest.swift */,
				D049A0A52AC7A0DA00FE7464 /* DeleteArticleRequest.swift */,
			);
			path = PostId;
			sourceTree = "<group>";
		};
		D049A0A72AC7A1FB00FE7464 /* Search */ = {
			isa = PBXGroup;
			children = (
				D049A0A82AC7A21A00FE7464 /* SearchArticleRequest.swift */,
			);
			path = Search;
			sourceTree = "<group>";
		};
		D049A0AA2AC7A2D200FE7464 /* Category */ = {
			isa = PBXGroup;
			children = (
				D049A0AB2AC7A2F700FE7464 /* CategoryViewPostRequest.swift */,
			);
			path = Category;
			sourceTree = "<group>";
		};
		D0CCC9742AC03A6F00EE9F64 /* UILabel */ = {
			isa = PBXGroup;
			children = (
			);
			path = UILabel;
			sourceTree = "<group>";
		};
		DB47A17ADBBAA0A70B91629A /* View */ = {
			isa = PBXGroup;
			children = (
				12704C54B185CC66E9F6471F /* CertificationNumberVC.swift */,
			);
			path = View;
			sourceTree = "<group>";
		};
		DD8B5B57E35E2A4E3715532B /* KeyChain */ = {
			isa = PBXGroup;
			children = (
				C5E9964B0EB74537D35C8128 /* KeyChainManager.swift */,
			);
			path = KeyChain;
			sourceTree = "<group>";
		};
		DFAB5F831C345705326A4E6E /* Extension */ = {
			isa = PBXGroup;
			children = (
				A4126A30ED97CF3DC51BEDF5 /* UITextField+setPlaceholderColor.swift */,
				A7FC3A37BEFE935E025A8FEF /* UITextFieldDelegate.swift */,
			);
			path = Extension;
			sourceTree = "<group>";
		};
		E631DD33EC05E0A0A9963326 /* Utility */ = {
			isa = PBXGroup;
			children = (
				D0CCC9742AC03A6F00EE9F64 /* UILabel */,
				8DFA218B745393B562B4E3B6 /* Base */,
				DFAB5F831C345705326A4E6E /* Extension */,
				03E48A9A1452F0CBC4848A6E /* UIButton */,
				EF31F63D392EF8EC121C9092 /* UIColor */,
				662AE1BBB879A44952438374 /* UIView */,
			);
			path = Utility;
			sourceTree = "<group>";
		};
		EC164B65AEDFC2F2E9AB2B46 /* Auth */ = {
			isa = PBXGroup;
			children = (
				FE64FC15E1DF942F6E2731A3 /* AuthRequest.swift */,
			);
			path = Auth;
			sourceTree = "<group>";
		};
		EC2B5BD2039A848D822EF3AB /* Presentation */ = {
			isa = PBXGroup;
			children = (
				F11EF062597DB00EE60555E5 /* FindPassword */,
				B1BC1C4432334625913BF8D4 /* Login */,
				6C7F6139AE04AAFE7921123C /* Main */,
				F4E6DC11748E6614446D2CC8 /* MakePassword */,
				F1842123F9DE1551FF3C2C61 /* Signup */,
			);
			path = Presentation;
			sourceTree = "<group>";
		};
		EF31F63D392EF8EC121C9092 /* UIColor */ = {
			isa = PBXGroup;
			children = (
				1C3F64FBE4F603BD4E489502 /* UIColor+HexColor.swift */,
			);
			path = UIColor;
			sourceTree = "<group>";
		};
		F11EF062597DB00EE60555E5 /* FindPassword */ = {
			isa = PBXGroup;
			children = (
				E7D212929C1CCFE9EF5B75F0 /* FindPasswordVC.swift */,
			);
			path = FindPassword;
			sourceTree = "<group>";
		};
		F1842123F9DE1551FF3C2C61 /* Signup */ = {
			isa = PBXGroup;
			children = (
				6E378206DD7F07A0C3C88898 /* CertificationNumber */,
				67A2471C141EF0714241089D /* SignupResult */,
				6C68E7D1BC1E1C3BABAE7B9E /* SignupUserInfo */,
			);
			path = Signup;
			sourceTree = "<group>";
		};
		F4E6DC11748E6614446D2CC8 /* MakePassword */ = {
			isa = PBXGroup;
			children = (
				34722F32AFE7CD019C340165 /* MakeNewPasswordVC.swift */,
			);
			path = MakePassword;
			sourceTree = "<group>";
		};
		F6440D181A05F9D76099CC07 /* TextField */ = {
			isa = PBXGroup;
			children = (
				FC2DE0D399848C0CAB4EE4C5 /* NormalTextField.swift */,
				CFAE1310808C22597CB4F67E /* OTPTextField.swift */,
				C60F85C8DA8F61E5BD0F78E4 /* SecureTextField.swift */,
			);
			path = TextField;
			sourceTree = "<group>";
		};
		F9260E010A7B8260B3067BAE /* Email */ = {
			isa = PBXGroup;
			children = (
				6D7EFED76D76AD88738160E1 /* EmailRequest.swift */,
			);
			path = Email;
			sourceTree = "<group>";
		};
		FC3DD23A5C19E946E7B9F95B /* Idea-Archive */ = {
			isa = PBXGroup;
			children = (
				CF16172691FA8106D0676C73 /* Resources */,
				C454D4EE94E945E0E8665F08 /* Sources */,
				9EC5CCF4BB0D27D79E9F683B /* Support */,
			);
			path = "Idea-Archive";
			sourceTree = "<group>";
		};
/* End PBXGroup section */

/* Begin PBXNativeTarget section */
		9E4FED7155D7564BD6DA87D2 /* Idea-Archive */ = {
			isa = PBXNativeTarget;
			buildConfigurationList = 16A21D5070097507300BD8E3 /* Build configuration list for PBXNativeTarget "Idea-Archive" */;
			buildPhases = (
				74E4C8A7200A8273CFA41E3A /* Sources */,
				24C4F4A2760024CD5284F139 /* Resources */,
				D2858ED41527F07BCC86CF8F /* Embed Frameworks */,
				2A942000E63EF80B4A488F43 /* Frameworks */,
			);
			buildRules = (
			);
			dependencies = (
			);
			name = "Idea-Archive";
			packageProductDependencies = (
				6A958B74F9BBB754FAA3B358 /* IQKeyboardManagerSwift */,
				EC93BFFA0E1F7685F4A35C30 /* SnapKit */,
				1E220EBDBCC0364F59C428C7 /* Moya */,
				D09D6D01F8C7EFA0ACEC3355 /* RxKeyboard */,
				AD4978E1621D96CEA9DBC708 /* Then */,
				152B14AB42E4A4AA0CDE1871 /* AEOTPTextField */,
			);
			productName = Idea_Archive;
			productReference = 688E020F3082A96DA3089D19 /* Idea_Archive.app */;
			productType = "com.apple.product-type.application";
		};
/* End PBXNativeTarget section */

/* Begin PBXProject section */
		1C16B962385C9394F8327841 /* Project object */ = {
			isa = PBXProject;
			attributes = {
				BuildIndependentTargetsInParallel = YES;
				ORGANIZATIONNAME = "Idea-Archive-iOS";
			};
			buildConfigurationList = 7E12E7F20B1CE61D109D7689 /* Build configuration list for PBXProject "Idea-Archive" */;
			compatibilityVersion = "Xcode 13.0";
			developmentRegion = en;
			hasScannedForEncodings = 0;
			knownRegions = (
				Base,
				en,
			);
			mainGroup = A1FC39810F29D4C2388732FF;
			packageReferences = (
				9AB0A47F21C2C91D0CA8C4CF /* XCRemoteSwiftPackageReference "Moya" */,
				69FCE6005FB9D3E48181C663 /* XCRemoteSwiftPackageReference "RxKeyboard" */,
				4143C1030F1C98255FA646EE /* XCRemoteSwiftPackageReference "SnapKit" */,
				05828FC01CE0E326C02BAFD6 /* XCRemoteSwiftPackageReference "Then" */,
				77F1658B8BAFF22E247F4CCE /* XCRemoteSwiftPackageReference "IQKeyboardManager" */,
				84C6680734049AD78B70A933 /* XCRemoteSwiftPackageReference "AEOTPTextField" */,
			);
			productRefGroup = 699F16C27D85F3646FF4A32E /* Products */;
			projectDirPath = "";
			projectRoot = "";
			targets = (
				9E4FED7155D7564BD6DA87D2 /* Idea-Archive */,
			);
		};
/* End PBXProject section */

/* Begin PBXResourcesBuildPhase section */
		24C4F4A2760024CD5284F139 /* Resources */ = {
			isa = PBXResourcesBuildPhase;
			buildActionMask = 2147483647;
			files = (
				8ED6DA05FEBBECF07A7EA370 /* Assets.xcassets in Resources */,
				24A0881AA702590A89158ADB /* Pretendard-Black.otf in Resources */,
				A67C578D893D78740E935D44 /* Pretendard-Bold.otf in Resources */,
				36BCC8179EA86D5CC527B6C1 /* Pretendard-ExtraBold.otf in Resources */,
				7461290A4B2C28F92A8FE0E1 /* Pretendard-ExtraLight.otf in Resources */,
				40704C786EC80DA9FB823945 /* Pretendard-Light.otf in Resources */,
				10EB0C14C3FEF16A918C9739 /* Pretendard-Medium.otf in Resources */,
				ED579A52BDED8344FD7A5E45 /* Pretendard-Regular.otf in Resources */,
				EF1A38578DF83A332A01269A /* Pretendard-SemiBold.otf in Resources */,
				750E140D8E01AB78E8052615 /* Pretendard-Thin.otf in Resources */,
				B35617A9C9DDB48A0C976F77 /* LaunchScreen.storyboard in Resources */,
			);
			runOnlyForDeploymentPostprocessing = 0;
		};
/* End PBXResourcesBuildPhase section */

/* Begin PBXSourcesBuildPhase section */
		74E4C8A7200A8273CFA41E3A /* Sources */ = {
			isa = PBXSourcesBuildPhase;
			buildActionMask = 2147483647;
			files = (
				E95C2B904656809BD18FB855 /* TuistBundle+IdeaArchive.swift in Sources */,
				7D2D7D3701E1447415751A45 /* AppDelegate.swift in Sources */,
				11879DA5841224AE48A0CCCA /* SceneDelegate.swift in Sources */,
				BBA1D639406AB34444B31467 /* BaseURL.swift in Sources */,
				198764495588574E618F0D68 /* Idea-Archive++Bundle.swift in Sources */,
				C87C83FCFEB1B6A49E133A5A /* Auth.swift in Sources */,
				B3A3ACBE9021B2694BD5FC62 /* KeyChainManager.swift in Sources */,
				2E8905AC9404DA68562E4733 /* AuthRequest.swift in Sources */,
				E6CB3F0D72B4DC1F316E17A9 /* EmailRequest.swift in Sources */,
				D049A09E2AC7993B00FE7464 /* WriteArticleRequest.swift in Sources */,
				817ACF71D5899F99641B9AEB /* AuthServices.swift in Sources */,
				0383CACF33FBBA9153E2BDE4 /* EmailServices.swift in Sources */,
				237410E00186E0107C7214FE /* AdditionalButton.swift in Sources */,
				AF527DED6310CF5E4CA7B3AE /* NextStepButton.swift in Sources */,
				166C04A89ED5BE2FBE6CCB9B /* Color.swift in Sources */,
				B8AFE9F5D4729F7E6FF22BA6 /* Font.swift in Sources */,
				CBEC86B98A1C798DA08A82D5 /* LargeTitleLabel.swift in Sources */,
				4E9363FBA3D5BA51D021373C /* SmallTitleLabel.swift in Sources */,
				FFAC33C9A4148C5F52241BBA /* TitleLabel.swift in Sources */,
				3A91859F1A400EF47304BB51 /* NormalTextField.swift in Sources */,
				1C20D09BF8CB0DC13724D339 /* OTPTextField.swift in Sources */,
				128199D54D451BF24D0ADD33 /* SecureTextField.swift in Sources */,
				74C9356166163F1CF9968547 /* FindPasswordVC.swift in Sources */,
				CA51E464115C8BF35C4E9E3F /* LoginVC.swift in Sources */,
				D8D90E57F07337F279903419 /* LoginVM.swift in Sources */,
				D049A0A92AC7A21A00FE7464 /* SearchArticleRequest.swift in Sources */,
				82EFB989D96E45AC0CD20447 /* MajorCollectionViewiCell.swift in Sources */,
				08A7A5E542A7157815C5ED30 /* MainVC.swift in Sources */,
				4E5A055CC3F7CE41B9473134 /* MakeNewPasswordVC.swift in Sources */,
				4EF9586C567B67B48B6D9123 /* CertificationNumberVC.swift in Sources */,
				D049A0A62AC7A0DA00FE7464 /* DeleteArticleRequest.swift in Sources */,
				E64B156484623581A978A530 /* CertificationVM.swift in Sources */,
				D3FDAE2EAFD61EE97BA11DAE /* FailAuthVC.swift in Sources */,
				6D4BB16AC07F4F4A551E5F86 /* SuccessAuthVC.swift in Sources */,
				37F5A5992FA38BD487D8A5EB /* SignupUserInfoVC.swift in Sources */,
				D0CCC9762AC03A9200EE9F64 /* MajorsLabel.swift in Sources */,
				D1C31EB4858EC0D240409248 /* SignupUserInfoVM.swift in Sources */,
				67E47DCDE2ACC5DE84C0AC07 /* BaseVC.swift in Sources */,
				B8586F8CB7531BC497A612AB /* UITextField+setPlaceholderColor.swift in Sources */,
				CA54AC8D2B8CFCBFD2BCFFF3 /* UITextFieldDelegate.swift in Sources */,
				3115F05E0ACB0C7C45AFF930 /* UIButton+setImage.swift in Sources */,
				25C281BBF1E1D1A57A244015 /* UIColor+HexColor.swift in Sources */,
				D049A0AC2AC7A2F700FE7464 /* CategoryViewPostRequest.swift in Sources */,
				72A4E86EC5CB73B997F06197 /* UIView+addSubviews.swift in Sources */,
				D049A0A22AC79E0200FE7464 /* VieqDetailsRequest.swift in Sources */,
				D049A0A42AC79F8300FE7464 /* ModifyArticleRequest.swift in Sources */,
			);
			runOnlyForDeploymentPostprocessing = 0;
		};
/* End PBXSourcesBuildPhase section */

/* Begin PBXVariantGroup section */
		DDDB5B64664D1C04668FB0BD /* LaunchScreen.storyboard */ = {
			isa = PBXVariantGroup;
			children = (
				866E4DD49CF8C83045128727 /* Base */,
			);
			name = LaunchScreen.storyboard;
			sourceTree = "<group>";
		};
/* End PBXVariantGroup section */

/* Begin XCBuildConfiguration section */
		9506C6F6F865F76C6A794ABB /* Release */ = {
			isa = XCBuildConfiguration;
			buildSettings = {
				ALWAYS_SEARCH_USER_PATHS = NO;
				CLANG_ANALYZER_LOCALIZABILITY_NONLOCALIZED = YES;
				CLANG_ANALYZER_NONNULL = YES;
				CLANG_ANALYZER_NUMBER_OBJECT_CONVERSION = YES_AGGRESSIVE;
				CLANG_CXX_LANGUAGE_STANDARD = "gnu++14";
				CLANG_CXX_LIBRARY = "libc++";
				CLANG_ENABLE_MODULES = YES;
				CLANG_ENABLE_OBJC_ARC = YES;
				CLANG_ENABLE_OBJC_WEAK = YES;
				CLANG_WARN_BLOCK_CAPTURE_AUTORELEASING = YES;
				CLANG_WARN_BOOL_CONVERSION = YES;
				CLANG_WARN_COMMA = YES;
				CLANG_WARN_CONSTANT_CONVERSION = YES;
				CLANG_WARN_DEPRECATED_OBJC_IMPLEMENTATIONS = YES;
				CLANG_WARN_DIRECT_OBJC_ISA_USAGE = YES_ERROR;
				CLANG_WARN_DOCUMENTATION_COMMENTS = YES;
				CLANG_WARN_EMPTY_BODY = YES;
				CLANG_WARN_ENUM_CONVERSION = YES;
				CLANG_WARN_INFINITE_RECURSION = YES;
				CLANG_WARN_INT_CONVERSION = YES;
				CLANG_WARN_NON_LITERAL_NULL_CONVERSION = YES;
				CLANG_WARN_OBJC_IMPLICIT_RETAIN_SELF = YES;
				CLANG_WARN_OBJC_LITERAL_CONVERSION = YES;
				CLANG_WARN_OBJC_ROOT_CLASS = YES_ERROR;
				CLANG_WARN_QUOTED_INCLUDE_IN_FRAMEWORK_HEADER = YES;
				CLANG_WARN_RANGE_LOOP_ANALYSIS = YES;
				CLANG_WARN_STRICT_PROTOTYPES = YES;
				CLANG_WARN_SUSPICIOUS_MOVE = YES;
				CLANG_WARN_UNGUARDED_AVAILABILITY = YES_AGGRESSIVE;
				CLANG_WARN_UNREACHABLE_CODE = YES;
				CLANG_WARN__DUPLICATE_METHOD_MATCH = YES;
				COPY_PHASE_STRIP = NO;
				DEAD_CODE_STRIPPING = YES;
				DEBUG_INFORMATION_FORMAT = "dwarf-with-dsym";
				ENABLE_NS_ASSERTIONS = NO;
				ENABLE_STRICT_OBJC_MSGSEND = YES;
				GCC_C_LANGUAGE_STANDARD = gnu11;
				GCC_NO_COMMON_BLOCKS = YES;
				GCC_WARN_64_TO_32_BIT_CONVERSION = YES;
				GCC_WARN_ABOUT_RETURN_TYPE = YES_ERROR;
				GCC_WARN_UNDECLARED_SELECTOR = YES;
				GCC_WARN_UNINITIALIZED_AUTOS = YES_AGGRESSIVE;
				GCC_WARN_UNUSED_FUNCTION = YES;
				GCC_WARN_UNUSED_VARIABLE = YES;
				MTL_ENABLE_DEBUG_INFO = NO;
				PRODUCT_NAME = "$(TARGET_NAME)";
				VALIDATE_PRODUCT = YES;
			};
			name = Release;
		};
		D01AFE71EF70E0834A5F73AD /* Debug */ = {
			isa = XCBuildConfiguration;
			buildSettings = {
				ASSETCATALOG_COMPILER_APPICON_NAME = AppIcon;
				CODE_SIGN_IDENTITY = "iPhone Developer";
				ENABLE_PREVIEWS = YES;
				INFOPLIST_FILE = "Idea-Archive/Support/Info.plist";
				IPHONEOS_DEPLOYMENT_TARGET = 15.0;
				LD_RUNPATH_SEARCH_PATHS = (
					"$(inherited)",
					"@executable_path/Frameworks",
				);
				PRODUCT_BUNDLE_IDENTIFIER = ".class.Idea-Archive";
				PRODUCT_NAME = Idea_Archive;
				SDKROOT = iphoneos;
				SUPPORTS_MACCATALYST = NO;
				SUPPORTS_MAC_DESIGNED_FOR_IPHONE_IPAD = YES;
				SUPPORTS_XR_DESIGNED_FOR_IPHONE_IPAD = NO;
				SWIFT_ACTIVE_COMPILATION_CONDITIONS = DEBUG;
				SWIFT_COMPILATION_MODE = singlefile;
				SWIFT_OPTIMIZATION_LEVEL = "-Onone";
				SWIFT_VERSION = 5.0;
				TARGETED_DEVICE_FAMILY = "1,2";
			};
			name = Debug;
		};
		EA14FEA1C5CDF9CBC52A3AE8 /* Debug */ = {
			isa = XCBuildConfiguration;
			buildSettings = {
				ALWAYS_SEARCH_USER_PATHS = NO;
				CLANG_ANALYZER_LOCALIZABILITY_NONLOCALIZED = YES;
				CLANG_ANALYZER_NONNULL = YES;
				CLANG_ANALYZER_NUMBER_OBJECT_CONVERSION = YES_AGGRESSIVE;
				CLANG_CXX_LANGUAGE_STANDARD = "gnu++14";
				CLANG_CXX_LIBRARY = "libc++";
				CLANG_ENABLE_MODULES = YES;
				CLANG_ENABLE_OBJC_ARC = YES;
				CLANG_ENABLE_OBJC_WEAK = YES;
				CLANG_WARN_BLOCK_CAPTURE_AUTORELEASING = YES;
				CLANG_WARN_BOOL_CONVERSION = YES;
				CLANG_WARN_COMMA = YES;
				CLANG_WARN_CONSTANT_CONVERSION = YES;
				CLANG_WARN_DEPRECATED_OBJC_IMPLEMENTATIONS = YES;
				CLANG_WARN_DIRECT_OBJC_ISA_USAGE = YES_ERROR;
				CLANG_WARN_DOCUMENTATION_COMMENTS = YES;
				CLANG_WARN_EMPTY_BODY = YES;
				CLANG_WARN_ENUM_CONVERSION = YES;
				CLANG_WARN_INFINITE_RECURSION = YES;
				CLANG_WARN_INT_CONVERSION = YES;
				CLANG_WARN_NON_LITERAL_NULL_CONVERSION = YES;
				CLANG_WARN_OBJC_IMPLICIT_RETAIN_SELF = YES;
				CLANG_WARN_OBJC_LITERAL_CONVERSION = YES;
				CLANG_WARN_OBJC_ROOT_CLASS = YES_ERROR;
				CLANG_WARN_QUOTED_INCLUDE_IN_FRAMEWORK_HEADER = YES;
				CLANG_WARN_RANGE_LOOP_ANALYSIS = YES;
				CLANG_WARN_STRICT_PROTOTYPES = YES;
				CLANG_WARN_SUSPICIOUS_MOVE = YES;
				CLANG_WARN_UNGUARDED_AVAILABILITY = YES_AGGRESSIVE;
				CLANG_WARN_UNREACHABLE_CODE = YES;
				CLANG_WARN__DUPLICATE_METHOD_MATCH = YES;
				COPY_PHASE_STRIP = NO;
				DEAD_CODE_STRIPPING = YES;
				DEBUG_INFORMATION_FORMAT = dwarf;
				ENABLE_STRICT_OBJC_MSGSEND = YES;
				ENABLE_TESTABILITY = YES;
				GCC_C_LANGUAGE_STANDARD = gnu11;
				GCC_DYNAMIC_NO_PIC = NO;
				GCC_NO_COMMON_BLOCKS = YES;
				GCC_OPTIMIZATION_LEVEL = 0;
				GCC_PREPROCESSOR_DEFINITIONS = (
					"DEBUG=1",
					"$(inherited)",
				);
				GCC_WARN_64_TO_32_BIT_CONVERSION = YES;
				GCC_WARN_ABOUT_RETURN_TYPE = YES_ERROR;
				GCC_WARN_UNDECLARED_SELECTOR = YES;
				GCC_WARN_UNINITIALIZED_AUTOS = YES_AGGRESSIVE;
				GCC_WARN_UNUSED_FUNCTION = YES;
				GCC_WARN_UNUSED_VARIABLE = YES;
				MTL_ENABLE_DEBUG_INFO = YES;
				ONLY_ACTIVE_ARCH = YES;
				PRODUCT_NAME = "$(TARGET_NAME)";
			};
			name = Debug;
		};
		FE896861D4ECC2FAEFDBCC90 /* Release */ = {
			isa = XCBuildConfiguration;
			buildSettings = {
				ASSETCATALOG_COMPILER_APPICON_NAME = AppIcon;
				CODE_SIGN_IDENTITY = "iPhone Developer";
				ENABLE_PREVIEWS = YES;
				INFOPLIST_FILE = "Idea-Archive/Support/Info.plist";
				IPHONEOS_DEPLOYMENT_TARGET = 15.0;
				LD_RUNPATH_SEARCH_PATHS = (
					"$(inherited)",
					"@executable_path/Frameworks",
				);
				PRODUCT_BUNDLE_IDENTIFIER = ".class.Idea-Archive";
				PRODUCT_NAME = Idea_Archive;
				SDKROOT = iphoneos;
				SUPPORTS_MACCATALYST = NO;
				SUPPORTS_MAC_DESIGNED_FOR_IPHONE_IPAD = YES;
				SUPPORTS_XR_DESIGNED_FOR_IPHONE_IPAD = NO;
				SWIFT_COMPILATION_MODE = wholemodule;
				SWIFT_OPTIMIZATION_LEVEL = "-Owholemodule";
				SWIFT_VERSION = 5.0;
				TARGETED_DEVICE_FAMILY = "1,2";
			};
			name = Release;
		};
/* End XCBuildConfiguration section */

/* Begin XCConfigurationList section */
		16A21D5070097507300BD8E3 /* Build configuration list for PBXNativeTarget "Idea-Archive" */ = {
			isa = XCConfigurationList;
			buildConfigurations = (
				D01AFE71EF70E0834A5F73AD /* Debug */,
				FE896861D4ECC2FAEFDBCC90 /* Release */,
			);
			defaultConfigurationIsVisible = 0;
			defaultConfigurationName = Release;
		};
		7E12E7F20B1CE61D109D7689 /* Build configuration list for PBXProject "Idea-Archive" */ = {
			isa = XCConfigurationList;
			buildConfigurations = (
				EA14FEA1C5CDF9CBC52A3AE8 /* Debug */,
				9506C6F6F865F76C6A794ABB /* Release */,
			);
			defaultConfigurationIsVisible = 0;
			defaultConfigurationName = Release;
		};
/* End XCConfigurationList section */

/* Begin XCRemoteSwiftPackageReference section */
		05828FC01CE0E326C02BAFD6 /* XCRemoteSwiftPackageReference "Then" */ = {
			isa = XCRemoteSwiftPackageReference;
			repositoryURL = "https://github.com/devxoul/Then";
			requirement = {
				kind = upToNextMajorVersion;
				minimumVersion = 2.0.0;
			};
		};
		4143C1030F1C98255FA646EE /* XCRemoteSwiftPackageReference "SnapKit" */ = {
			isa = XCRemoteSwiftPackageReference;
			repositoryURL = "https://github.com/SnapKit/SnapKit.git";
			requirement = {
				kind = upToNextMajorVersion;
				minimumVersion = 5.0.1;
			};
		};
		69FCE6005FB9D3E48181C663 /* XCRemoteSwiftPackageReference "RxKeyboard" */ = {
			isa = XCRemoteSwiftPackageReference;
			repositoryURL = "https://github.com/RxSwiftCommunity/RxKeyboard.git";
			requirement = {
				kind = upToNextMajorVersion;
				minimumVersion = 2.0.1;
			};
		};
		77F1658B8BAFF22E247F4CCE /* XCRemoteSwiftPackageReference "IQKeyboardManager" */ = {
			isa = XCRemoteSwiftPackageReference;
			repositoryURL = "https://github.com/hackiftekhar/IQKeyboardManager.git";
			requirement = {
				kind = upToNextMajorVersion;
				minimumVersion = 6.5.0;
			};
		};
		84C6680734049AD78B70A933 /* XCRemoteSwiftPackageReference "AEOTPTextField" */ = {
			isa = XCRemoteSwiftPackageReference;
			repositoryURL = "https://github.com/uuuunseo/AEOTPTextField.git";
			requirement = {
				kind = upToNextMajorVersion;
				minimumVersion = 1.0.0;
			};
		};
		9AB0A47F21C2C91D0CA8C4CF /* XCRemoteSwiftPackageReference "Moya" */ = {
			isa = XCRemoteSwiftPackageReference;
			repositoryURL = "https://github.com/Moya/Moya.git";
			requirement = {
				kind = upToNextMajorVersion;
				minimumVersion = 15.0.0;
			};
		};
/* End XCRemoteSwiftPackageReference section */

/* Begin XCSwiftPackageProductDependency section */
		152B14AB42E4A4AA0CDE1871 /* AEOTPTextField */ = {
			isa = XCSwiftPackageProductDependency;
			productName = AEOTPTextField;
		};
		1E220EBDBCC0364F59C428C7 /* Moya */ = {
			isa = XCSwiftPackageProductDependency;
			productName = Moya;
		};
		6A958B74F9BBB754FAA3B358 /* IQKeyboardManagerSwift */ = {
			isa = XCSwiftPackageProductDependency;
			productName = IQKeyboardManagerSwift;
		};
		AD4978E1621D96CEA9DBC708 /* Then */ = {
			isa = XCSwiftPackageProductDependency;
			productName = Then;
		};
		D09D6D01F8C7EFA0ACEC3355 /* RxKeyboard */ = {
			isa = XCSwiftPackageProductDependency;
			productName = RxKeyboard;
		};
		EC93BFFA0E1F7685F4A35C30 /* SnapKit */ = {
			isa = XCSwiftPackageProductDependency;
			productName = SnapKit;
		};
/* End XCSwiftPackageProductDependency section */
	};
	rootObject = 1C16B962385C9394F8327841 /* Project object */;
}
